// !$*UTF8*$!
{
	archiveVersion = 1;
	classes = {
	};
	objectVersion = 51;
	objects = {

/* Begin PBXBuildFile section */
		0427D2771ED272195428AF51 /* PromoBannerCollectionViewCell.swift in Sources */ = {isa = PBXBuildFile; fileRef = 06FD203619C784A614D81225 /* PromoBannerCollectionViewCell.swift */; };
		0F02BBCC333B00D860F662B0 /* DeliveryHeaderView.swift in Sources */ = {isa = PBXBuildFile; fileRef = 8CDA97CC83F801B455D1F2BF /* DeliveryHeaderView.swift */; };
		12FFFBA67AF9DA3142ACB713 /* AppColor.swift in Sources */ = {isa = PBXBuildFile; fileRef = 6718FD32E3C7028EB47349BD /* AppColor.swift */; };
		15CC00CC1AE203876BEA56E9 /* AccountCardsViewController.swift in Sources */ = {isa = PBXBuildFile; fileRef = C093D468B26FF9888786F3A3 /* AccountCardsViewController.swift */; };
		1970F8681B3ED388675E9F71 /* CategoryCollectionViewCell.swift in Sources */ = {isa = PBXBuildFile; fileRef = D5F9139FB817EF8F118C9127 /* CategoryCollectionViewCell.swift */; };
		21FDDE7623C3AB2CD36A5EAB /* WelcomePageVerTwoViewController.swift in Sources */ = {isa = PBXBuildFile; fileRef = 6B8871934D2F47E80E193FEC /* WelcomePageVerTwoViewController.swift */; };
		22BD0F1572D8A4BA2B204CA6 /* Inter-Bold.ttf in Resources */ = {isa = PBXBuildFile; fileRef = E7A1405DCD2A324C58B4C480 /* Inter-Bold.ttf */; };
		42B36AE4CEC0F910F126E947 /* AppFont.swift in Sources */ = {isa = PBXBuildFile; fileRef = 6DE7A22A86D9EBE631549846 /* AppFont.swift */; };
		51BF91DF55F1EF60EE97B217 /* Inter-Regular.ttf in Resources */ = {isa = PBXBuildFile; fileRef = 737861333F942E40849B2BA2 /* Inter-Regular.ttf */; };
		57DD6A052E01E65A3296971E /* RestaurantCollectionViewCell.swift in Sources */ = {isa = PBXBuildFile; fileRef = 29BBA2DB6DABB2286D61A414 /* RestaurantCollectionViewCell.swift */; };
		5825808DA8C4240EDD4316C6 /* LaunchScreen.storyboard in Resources */ = {isa = PBXBuildFile; fileRef = C3C2192151E642FE8D90A001 /* LaunchScreen.storyboard */; };
		6B7F1E57DA5681B848623134 /* ReusableView.swift in Sources */ = {isa = PBXBuildFile; fileRef = 184B573B7F2C8A9103E3764A /* ReusableView.swift */; };
		71F7FA0F7F929245F91ABE46 /* SectionType.swift in Sources */ = {isa = PBXBuildFile; fileRef = 657CA218500317FA9CFFDCF7 /* SectionType.swift */; };
		7356A464DBD7E9D11A24BDDA /* SceneDelegate.swift in Sources */ = {isa = PBXBuildFile; fileRef = 92F3DC75E369DC4DBABA75AF /* SceneDelegate.swift */; };
		86781B0E06E619369A4C6899 /* Colors.xcassets in Resources */ = {isa = PBXBuildFile; fileRef = 7ADA79C36E2569C658E9B907 /* Colors.xcassets */; };
		8B115B56F7D7AA17C8820BF7 /* GoogleService-Info.plist in Resources */ = {isa = PBXBuildFile; fileRef = EC0F90AE5948E4A6E05D1DA8 /* GoogleService-Info.plist */; };
		903C3D3DE57173E9C6B18FF5 /* Foundation+Extensions.swift in Sources */ = {isa = PBXBuildFile; fileRef = A0235029FB7E243A6EE76785 /* Foundation+Extensions.swift */; };
		96D166BDF0021D9F76241D1D /* MainViewController.swift in Sources */ = {isa = PBXBuildFile; fileRef = 6ABF66F20BD089C25DB51F1B /* MainViewController.swift */; };
		A892B0D0C24113F15CDAE025 /* WelcomePageVerOneViewController.swift in Sources */ = {isa = PBXBuildFile; fileRef = 583CC062AD2AA8E76D34DABE /* WelcomePageVerOneViewController.swift */; };
		B0077106788D9EBA9DF9820F /* AppDelegate.swift in Sources */ = {isa = PBXBuildFile; fileRef = 285C6449983197207FB5E63E /* AppDelegate.swift */; };
		B0D261E66D34474A045ED17C /* ProfileEditingViewController.swift in Sources */ = {isa = PBXBuildFile; fileRef = 2D3D67E276640FD351850E34 /* ProfileEditingViewController.swift */; };
		CB92BBB0874652C8D36F392F /* Assets.xcassets in Resources */ = {isa = PBXBuildFile; fileRef = 8F94FDF3F8623ED135DC8F37 /* Assets.xcassets */; };
		D391F73E94800CBE570015CA /* MainTabbarViewController.swift in Sources */ = {isa = PBXBuildFile; fileRef = D3355378BA97E464DEEC2A7A /* MainTabbarViewController.swift */; };
		D70C07C68444A35C5F6FAEB2 /* Inter-Medium.ttf in Resources */ = {isa = PBXBuildFile; fileRef = CF9F0E4D7E512AAB70D5CA44 /* Inter-Medium.ttf */; };
		E1CD0113F3C5B3E81F649A4B /* SectionHeaderView.swift in Sources */ = {isa = PBXBuildFile; fileRef = E58E7C5995631F7FEADC0E17 /* SectionHeaderView.swift */; };
		E63EC5F1668FE7316B106D4F /* Inter-SemiBold.ttf in Resources */ = {isa = PBXBuildFile; fileRef = 09AF0F5690D90E74238FFD59 /* Inter-SemiBold.ttf */; };
		FAD15E93E044ECF1F10A3104 /* AppImage.swift in Sources */ = {isa = PBXBuildFile; fileRef = 415E313A7B3CF4700FDFD087 /* AppImage.swift */; };
		FB136D93B98336E8C0294BA3 /* UIKit+Extensions.swift in Sources */ = {isa = PBXBuildFile; fileRef = 70277136806538CBF5CAB7BA /* UIKit+Extensions.swift */; };
		FDD860EE58FDE2E94682627B /* ViewController.swift in Sources */ = {isa = PBXBuildFile; fileRef = DC945841BA01498A7978522B /* ViewController.swift */; };
/* End PBXBuildFile section */

/* Begin PBXFileReference section */
		06FD203619C784A614D81225 /* PromoBannerCollectionViewCell.swift */ = {isa = PBXFileReference; lastKnownFileType = sourcecode.swift; path = PromoBannerCollectionViewCell.swift; sourceTree = "<group>"; };
		09AF0F5690D90E74238FFD59 /* Inter-SemiBold.ttf */ = {isa = PBXFileReference; lastKnownFileType = file; path = "Inter-SemiBold.ttf"; sourceTree = "<group>"; };
		184B573B7F2C8A9103E3764A /* ReusableView.swift */ = {isa = PBXFileReference; lastKnownFileType = sourcecode.swift; path = ReusableView.swift; sourceTree = "<group>"; };
		285C6449983197207FB5E63E /* AppDelegate.swift */ = {isa = PBXFileReference; lastKnownFileType = sourcecode.swift; path = AppDelegate.swift; sourceTree = "<group>"; };
		29BBA2DB6DABB2286D61A414 /* RestaurantCollectionViewCell.swift */ = {isa = PBXFileReference; lastKnownFileType = sourcecode.swift; path = RestaurantCollectionViewCell.swift; sourceTree = "<group>"; };
		2D3D67E276640FD351850E34 /* ProfileEditingViewController.swift */ = {isa = PBXFileReference; lastKnownFileType = sourcecode.swift; path = ProfileEditingViewController.swift; sourceTree = "<group>"; };
		415E313A7B3CF4700FDFD087 /* AppImage.swift */ = {isa = PBXFileReference; lastKnownFileType = sourcecode.swift; path = AppImage.swift; sourceTree = "<group>"; };
		44DCA632A4BEF847C37C076E /* maki-maki-ios.app */ = {isa = PBXFileReference; includeInIndex = 0; lastKnownFileType = wrapper.application; path = "maki-maki-ios.app"; sourceTree = BUILT_PRODUCTS_DIR; };
		4705BC61ECD9593D0243988C /* Info.plist */ = {isa = PBXFileReference; lastKnownFileType = text.plist; path = Info.plist; sourceTree = "<group>"; };
		583CC062AD2AA8E76D34DABE /* WelcomePageVerOneViewController.swift */ = {isa = PBXFileReference; lastKnownFileType = sourcecode.swift; path = WelcomePageVerOneViewController.swift; sourceTree = "<group>"; };
		657CA218500317FA9CFFDCF7 /* SectionType.swift */ = {isa = PBXFileReference; lastKnownFileType = sourcecode.swift; path = SectionType.swift; sourceTree = "<group>"; };
		6718FD32E3C7028EB47349BD /* AppColor.swift */ = {isa = PBXFileReference; lastKnownFileType = sourcecode.swift; path = AppColor.swift; sourceTree = "<group>"; };
		6ABF66F20BD089C25DB51F1B /* MainViewController.swift */ = {isa = PBXFileReference; lastKnownFileType = sourcecode.swift; path = MainViewController.swift; sourceTree = "<group>"; };
		6B8871934D2F47E80E193FEC /* WelcomePageVerTwoViewController.swift */ = {isa = PBXFileReference; lastKnownFileType = sourcecode.swift; path = WelcomePageVerTwoViewController.swift; sourceTree = "<group>"; };
		6DE7A22A86D9EBE631549846 /* AppFont.swift */ = {isa = PBXFileReference; lastKnownFileType = sourcecode.swift; path = AppFont.swift; sourceTree = "<group>"; };
		70277136806538CBF5CAB7BA /* UIKit+Extensions.swift */ = {isa = PBXFileReference; lastKnownFileType = sourcecode.swift; path = "UIKit+Extensions.swift"; sourceTree = "<group>"; };
		737861333F942E40849B2BA2 /* Inter-Regular.ttf */ = {isa = PBXFileReference; lastKnownFileType = file; path = "Inter-Regular.ttf"; sourceTree = "<group>"; };
		7ADA79C36E2569C658E9B907 /* Colors.xcassets */ = {isa = PBXFileReference; lastKnownFileType = folder.assetcatalog; path = Colors.xcassets; sourceTree = "<group>"; };
		8CDA97CC83F801B455D1F2BF /* DeliveryHeaderView.swift */ = {isa = PBXFileReference; lastKnownFileType = sourcecode.swift; path = DeliveryHeaderView.swift; sourceTree = "<group>"; };
		8F94FDF3F8623ED135DC8F37 /* Assets.xcassets */ = {isa = PBXFileReference; lastKnownFileType = folder.assetcatalog; path = Assets.xcassets; sourceTree = "<group>"; };
		92F3DC75E369DC4DBABA75AF /* SceneDelegate.swift */ = {isa = PBXFileReference; lastKnownFileType = sourcecode.swift; path = SceneDelegate.swift; sourceTree = "<group>"; };
		A0235029FB7E243A6EE76785 /* Foundation+Extensions.swift */ = {isa = PBXFileReference; lastKnownFileType = sourcecode.swift; path = "Foundation+Extensions.swift"; sourceTree = "<group>"; };
		A73BE4687BDE8F33EB8D0C44 /* Base */ = {isa = PBXFileReference; lastKnownFileType = file.storyboard; name = Base; path = Base.lproj/LaunchScreen.storyboard; sourceTree = "<group>"; };
		C093D468B26FF9888786F3A3 /* AccountCardsViewController.swift */ = {isa = PBXFileReference; lastKnownFileType = sourcecode.swift; path = AccountCardsViewController.swift; sourceTree = "<group>"; };
		CF9F0E4D7E512AAB70D5CA44 /* Inter-Medium.ttf */ = {isa = PBXFileReference; lastKnownFileType = file; path = "Inter-Medium.ttf"; sourceTree = "<group>"; };
		D3355378BA97E464DEEC2A7A /* MainTabbarViewController.swift */ = {isa = PBXFileReference; lastKnownFileType = sourcecode.swift; path = MainTabbarViewController.swift; sourceTree = "<group>"; };
		D5F9139FB817EF8F118C9127 /* CategoryCollectionViewCell.swift */ = {isa = PBXFileReference; lastKnownFileType = sourcecode.swift; path = CategoryCollectionViewCell.swift; sourceTree = "<group>"; };
		DC945841BA01498A7978522B /* ViewController.swift */ = {isa = PBXFileReference; lastKnownFileType = sourcecode.swift; path = ViewController.swift; sourceTree = "<group>"; };
		E58E7C5995631F7FEADC0E17 /* SectionHeaderView.swift */ = {isa = PBXFileReference; lastKnownFileType = sourcecode.swift; path = SectionHeaderView.swift; sourceTree = "<group>"; };
		E7A1405DCD2A324C58B4C480 /* Inter-Bold.ttf */ = {isa = PBXFileReference; lastKnownFileType = file; path = "Inter-Bold.ttf"; sourceTree = "<group>"; };
		EC0F90AE5948E4A6E05D1DA8 /* GoogleService-Info.plist */ = {isa = PBXFileReference; lastKnownFileType = text.plist; path = "GoogleService-Info.plist"; sourceTree = "<group>"; };
/* End PBXFileReference section */

/* Begin PBXGroup section */
		011EC791CDB8702359EFF610 /* Resources */ = {
			isa = PBXGroup;
			children = (
				DCBBED29DA55B2C197278F59 /* Fonts */,
				6718FD32E3C7028EB47349BD /* AppColor.swift */,
				6DE7A22A86D9EBE631549846 /* AppFont.swift */,
				415E313A7B3CF4700FDFD087 /* AppImage.swift */,
			);
			path = Resources;
			sourceTree = "<group>";
		};
		089A1471A42EB99F40938E89 /* Products */ = {
			isa = PBXGroup;
			children = (
				44DCA632A4BEF847C37C076E /* maki-maki-ios.app */,
			);
			name = Products;
			sourceTree = "<group>";
		};
		1B7DAB122269127C1BF261A5 /* AccountCards */ = {
			isa = PBXGroup;
			children = (
				C093D468B26FF9888786F3A3 /* AccountCardsViewController.swift */,
			);
			path = AccountCards;
			sourceTree = "<group>";
		};
		35E89AA3316CD2072928F1B8 /* Custom views */ = {
			isa = PBXGroup;
			children = (
				184B573B7F2C8A9103E3764A /* ReusableView.swift */,
			);
			path = "Custom views";
			sourceTree = "<group>";
		};
		3DFE204C5A0F7352A7ECFB5F /* EditingProfile */ = {
			isa = PBXGroup;
			children = (
				2D3D67E276640FD351850E34 /* ProfileEditingViewController.swift */,
			);
			path = EditingProfile;
			sourceTree = "<group>";
		};
		56927DFB737C1D1E5550915A = {
			isa = PBXGroup;
			children = (
				D91861BB8B7AC8F8C659B134 /* maki-maki-ios */,
				089A1471A42EB99F40938E89 /* Products */,
			);
			sourceTree = "<group>";
		};
		6D575929C79AC2A89ACC32B0 /* Registration */ = {
			isa = PBXGroup;
			children = (
				583CC062AD2AA8E76D34DABE /* WelcomePageVerOneViewController.swift */,
				6B8871934D2F47E80E193FEC /* WelcomePageVerTwoViewController.swift */,
			);
			path = Registration;
			sourceTree = "<group>";
		};
		8853CE2231CD95AE718ADBEB /* Module */ = {
			isa = PBXGroup;
			children = (
				1B7DAB122269127C1BF261A5 /* AccountCards */,
				CFDA93E537F1E6E7731C0D51 /* Base */,
				3DFE204C5A0F7352A7ECFB5F /* EditingProfile */,
				D54E7795B53334C332D756E5 /* MainPage */,
				6D575929C79AC2A89ACC32B0 /* Registration */,
				DC945841BA01498A7978522B /* ViewController.swift */,
			);
			path = Module;
			sourceTree = "<group>";
		};
		CFDA93E537F1E6E7731C0D51 /* Base */ = {
			isa = PBXGroup;
			children = (
				D3355378BA97E464DEEC2A7A /* MainTabbarViewController.swift */,
			);
			path = Base;
			sourceTree = "<group>";
		};
		D2120AEAD0ADC3B99B002A9F /* Helpers */ = {
			isa = PBXGroup;
			children = (
				35E89AA3316CD2072928F1B8 /* Custom views */,
				D69790F31BB9F6E723C930EF /* Extensions */,
				011EC791CDB8702359EFF610 /* Resources */,
			);
			path = Helpers;
			sourceTree = "<group>";
		};
		D54E7795B53334C332D756E5 /* MainPage */ = {
			isa = PBXGroup;
			children = (
				D5F9139FB817EF8F118C9127 /* CategoryCollectionViewCell.swift */,
				8CDA97CC83F801B455D1F2BF /* DeliveryHeaderView.swift */,
				6ABF66F20BD089C25DB51F1B /* MainViewController.swift */,
				06FD203619C784A614D81225 /* PromoBannerCollectionViewCell.swift */,
				29BBA2DB6DABB2286D61A414 /* RestaurantCollectionViewCell.swift */,
				E58E7C5995631F7FEADC0E17 /* SectionHeaderView.swift */,
				657CA218500317FA9CFFDCF7 /* SectionType.swift */,
			);
			path = MainPage;
			sourceTree = "<group>";
		};
		D69790F31BB9F6E723C930EF /* Extensions */ = {
			isa = PBXGroup;
			children = (
				A0235029FB7E243A6EE76785 /* Foundation+Extensions.swift */,
				70277136806538CBF5CAB7BA /* UIKit+Extensions.swift */,
			);
			path = Extensions;
			sourceTree = "<group>";
		};
		D91861BB8B7AC8F8C659B134 /* maki-maki-ios */ = {
			isa = PBXGroup;
			children = (
				D2120AEAD0ADC3B99B002A9F /* Helpers */,
				8853CE2231CD95AE718ADBEB /* Module */,
				285C6449983197207FB5E63E /* AppDelegate.swift */,
				8F94FDF3F8623ED135DC8F37 /* Assets.xcassets */,
				7ADA79C36E2569C658E9B907 /* Colors.xcassets */,
				EC0F90AE5948E4A6E05D1DA8 /* GoogleService-Info.plist */,
				4705BC61ECD9593D0243988C /* Info.plist */,
				C3C2192151E642FE8D90A001 /* LaunchScreen.storyboard */,
				92F3DC75E369DC4DBABA75AF /* SceneDelegate.swift */,
			);
			name = "maki-maki-ios";
			path = "../maki-maki-ios";
			sourceTree = "<group>";
		};
		DCBBED29DA55B2C197278F59 /* Fonts */ = {
			isa = PBXGroup;
			children = (
				E7A1405DCD2A324C58B4C480 /* Inter-Bold.ttf */,
				CF9F0E4D7E512AAB70D5CA44 /* Inter-Medium.ttf */,
				737861333F942E40849B2BA2 /* Inter-Regular.ttf */,
				09AF0F5690D90E74238FFD59 /* Inter-SemiBold.ttf */,
			);
			path = Fonts;
			sourceTree = "<group>";
		};
/* End PBXGroup section */

/* Begin PBXNativeTarget section */
		8C1FA671CA27D9F8CA2BFED5 /* maki-maki-ios */ = {
			isa = PBXNativeTarget;
			buildConfigurationList = 1D26E5FEDF5C1C0F60D7436F /* Build configuration list for PBXNativeTarget "maki-maki-ios" */;
			buildPhases = (
				A351E9CDB5DEF1A1BEF24522 /* Sources */,
				04C0F5725047A76F183CEBCA /* Resources */,
			);
			buildRules = (
			);
			dependencies = (
			);
			name = "maki-maki-ios";
			productName = "maki-maki-ios";
			productReference = 44DCA632A4BEF847C37C076E /* maki-maki-ios.app */;
			productType = "com.apple.product-type.application";
		};
/* End PBXNativeTarget section */

/* Begin PBXProject section */
		B122933A4F8AD9B5AA40649C /* Project object */ = {
			isa = PBXProject;
			attributes = {
				LastUpgradeCheck = 1430;
				TargetAttributes = {
				};
			};
			buildConfigurationList = 44C0C4BFFF36C6E878471E1A /* Build configuration list for PBXProject "maki-maki-ios" */;
			compatibilityVersion = "Xcode 11.0";
			developmentRegion = en;
			hasScannedForEncodings = 0;
			knownRegions = (
				Base,
				en,
			);
			mainGroup = 56927DFB737C1D1E5550915A;
			projectDirPath = "";
			projectRoot = "";
			targets = (
				8C1FA671CA27D9F8CA2BFED5 /* maki-maki-ios */,
			);
		};
/* End PBXProject section */

/* Begin PBXResourcesBuildPhase section */
		04C0F5725047A76F183CEBCA /* Resources */ = {
			isa = PBXResourcesBuildPhase;
			buildActionMask = 2147483647;
			files = (
				CB92BBB0874652C8D36F392F /* Assets.xcassets in Resources */,
				86781B0E06E619369A4C6899 /* Colors.xcassets in Resources */,
				8B115B56F7D7AA17C8820BF7 /* GoogleService-Info.plist in Resources */,
				22BD0F1572D8A4BA2B204CA6 /* Inter-Bold.ttf in Resources */,
				D70C07C68444A35C5F6FAEB2 /* Inter-Medium.ttf in Resources */,
				51BF91DF55F1EF60EE97B217 /* Inter-Regular.ttf in Resources */,
				E63EC5F1668FE7316B106D4F /* Inter-SemiBold.ttf in Resources */,
				5825808DA8C4240EDD4316C6 /* LaunchScreen.storyboard in Resources */,
			);
			runOnlyForDeploymentPostprocessing = 0;
		};
/* End PBXResourcesBuildPhase section */

/* Begin PBXSourcesBuildPhase section */
		A351E9CDB5DEF1A1BEF24522 /* Sources */ = {
			isa = PBXSourcesBuildPhase;
			buildActionMask = 2147483647;
			files = (
				15CC00CC1AE203876BEA56E9 /* AccountCardsViewController.swift in Sources */,
				12FFFBA67AF9DA3142ACB713 /* AppColor.swift in Sources */,
				B0077106788D9EBA9DF9820F /* AppDelegate.swift in Sources */,
				42B36AE4CEC0F910F126E947 /* AppFont.swift in Sources */,
				FAD15E93E044ECF1F10A3104 /* AppImage.swift in Sources */,
				1970F8681B3ED388675E9F71 /* CategoryCollectionViewCell.swift in Sources */,
				0F02BBCC333B00D860F662B0 /* DeliveryHeaderView.swift in Sources */,
				903C3D3DE57173E9C6B18FF5 /* Foundation+Extensions.swift in Sources */,
				D391F73E94800CBE570015CA /* MainTabbarViewController.swift in Sources */,
				96D166BDF0021D9F76241D1D /* MainViewController.swift in Sources */,
				B0D261E66D34474A045ED17C /* ProfileEditingViewController.swift in Sources */,
				0427D2771ED272195428AF51 /* PromoBannerCollectionViewCell.swift in Sources */,
				57DD6A052E01E65A3296971E /* RestaurantCollectionViewCell.swift in Sources */,
				6B7F1E57DA5681B848623134 /* ReusableView.swift in Sources */,
				7356A464DBD7E9D11A24BDDA /* SceneDelegate.swift in Sources */,
				E1CD0113F3C5B3E81F649A4B /* SectionHeaderView.swift in Sources */,
				71F7FA0F7F929245F91ABE46 /* SectionType.swift in Sources */,
				FB136D93B98336E8C0294BA3 /* UIKit+Extensions.swift in Sources */,
				FDD860EE58FDE2E94682627B /* ViewController.swift in Sources */,
				A892B0D0C24113F15CDAE025 /* WelcomePageVerOneViewController.swift in Sources */,
				21FDDE7623C3AB2CD36A5EAB /* WelcomePageVerTwoViewController.swift in Sources */,
			);
			runOnlyForDeploymentPostprocessing = 0;
		};
/* End PBXSourcesBuildPhase section */

/* Begin PBXVariantGroup section */
		C3C2192151E642FE8D90A001 /* LaunchScreen.storyboard */ = {
			isa = PBXVariantGroup;
			children = (
				A73BE4687BDE8F33EB8D0C44 /* Base */,
			);
			name = LaunchScreen.storyboard;
			sourceTree = "<group>";
		};
/* End PBXVariantGroup section */

/* Begin XCBuildConfiguration section */
		1A76486AE4C7687A8D51491D /* Debug.Dev */ = {
			isa = XCBuildConfiguration;
			buildSettings = {
				ASSETCATALOG_COMPILER_APPICON_NAME = AppIcon;
				CODE_SIGN_IDENTITY = "iPhone Developer";
				INFOPLIST_FILE = "../maki-maki-ios/Info.plist";
				IPHONEOS_DEPLOYMENT_TARGET = 14.0;
				LD_RUNPATH_SEARCH_PATHS = (
					"$(inherited)",
					"@executable_path/Frameworks",
				);
				MARKETING_VERSION = 1.0;
				PRODUCT_BUNDLE_IDENTIFIER = "com.maki-maki-ios";
				SDKROOT = iphoneos;
				TARGETED_DEVICE_FAMILY = "1,2";
			};
			name = Debug.Dev;
		};
		2290BCF5986B39C7728FC9C1 /* Debug.Dev */ = {
			isa = XCBuildConfiguration;
			buildSettings = {
				ALWAYS_SEARCH_USER_PATHS = NO;
				CLANG_ANALYZER_NONNULL = YES;
				CLANG_ANALYZER_NUMBER_OBJECT_CONVERSION = YES_AGGRESSIVE;
				CLANG_CXX_LANGUAGE_STANDARD = "gnu++14";
				CLANG_CXX_LIBRARY = "libc++";
				CLANG_ENABLE_MODULES = YES;
				CLANG_ENABLE_OBJC_ARC = YES;
				CLANG_ENABLE_OBJC_WEAK = YES;
				CLANG_WARN_BLOCK_CAPTURE_AUTORELEASING = YES;
				CLANG_WARN_BOOL_CONVERSION = YES;
				CLANG_WARN_COMMA = YES;
				CLANG_WARN_CONSTANT_CONVERSION = YES;
				CLANG_WARN_DEPRECATED_OBJC_IMPLEMENTATIONS = YES;
				CLANG_WARN_DIRECT_OBJC_ISA_USAGE = YES_ERROR;
				CLANG_WARN_DOCUMENTATION_COMMENTS = YES;
				CLANG_WARN_EMPTY_BODY = YES;
				CLANG_WARN_ENUM_CONVERSION = YES;
				CLANG_WARN_INFINITE_RECURSION = YES;
				CLANG_WARN_INT_CONVERSION = YES;
				CLANG_WARN_NON_LITERAL_NULL_CONVERSION = YES;
				CLANG_WARN_OBJC_IMPLICIT_RETAIN_SELF = YES;
				CLANG_WARN_OBJC_LITERAL_CONVERSION = YES;
				CLANG_WARN_OBJC_ROOT_CLASS = YES_ERROR;
				CLANG_WARN_QUOTED_INCLUDE_IN_FRAMEWORK_HEADER = YES;
				CLANG_WARN_RANGE_LOOP_ANALYSIS = YES;
				CLANG_WARN_STRICT_PROTOTYPES = YES;
				CLANG_WARN_SUSPICIOUS_MOVE = YES;
				CLANG_WARN_UNGUARDED_AVAILABILITY = YES_AGGRESSIVE;
				CLANG_WARN_UNREACHABLE_CODE = YES;
				CLANG_WARN__DUPLICATE_METHOD_MATCH = YES;
				COPY_PHASE_STRIP = NO;
				DEBUG_INFORMATION_FORMAT = dwarf;
				ENABLE_STRICT_OBJC_MSGSEND = YES;
				ENABLE_TESTABILITY = YES;
				GCC_C_LANGUAGE_STANDARD = gnu11;
				GCC_DYNAMIC_NO_PIC = NO;
				GCC_NO_COMMON_BLOCKS = YES;
				GCC_OPTIMIZATION_LEVEL = 0;
				GCC_PREPROCESSOR_DEFINITIONS = (
					"$(inherited)",
					"DEBUG=1",
				);
				GCC_WARN_64_TO_32_BIT_CONVERSION = YES;
				GCC_WARN_ABOUT_RETURN_TYPE = YES_ERROR;
				GCC_WARN_UNDECLARED_SELECTOR = YES;
				GCC_WARN_UNINITIALIZED_AUTOS = YES_AGGRESSIVE;
				GCC_WARN_UNUSED_FUNCTION = YES;
				GCC_WARN_UNUSED_VARIABLE = YES;
				MTL_ENABLE_DEBUG_INFO = INCLUDE_SOURCE;
				MTL_FAST_MATH = YES;
				ONLY_ACTIVE_ARCH = YES;
				PRODUCT_NAME = "$(TARGET_NAME)";
				SDKROOT = iphoneos;
				SWIFT_ACTIVE_COMPILATION_CONDITIONS = DEBUG;
				SWIFT_OPTIMIZATION_LEVEL = "-Onone";
				SWIFT_VERSION = 5.0;
			};
			name = Debug.Dev;
		};
		36854E55DEEB3D6992DA925B /* Debug.Prod */ = {
			isa = XCBuildConfiguration;
			buildSettings = {
				ASSETCATALOG_COMPILER_APPICON_NAME = AppIcon;
				CODE_SIGN_IDENTITY = "iPhone Developer";
				INFOPLIST_FILE = "../maki-maki-ios/Info.plist";
				IPHONEOS_DEPLOYMENT_TARGET = 14.0;
				LD_RUNPATH_SEARCH_PATHS = (
					"$(inherited)",
					"@executable_path/Frameworks",
				);
				MARKETING_VERSION = 1.0;
				PRODUCT_BUNDLE_IDENTIFIER = "com.maki-maki-ios";
				SDKROOT = iphoneos;
				TARGETED_DEVICE_FAMILY = "1,2";
			};
			name = Debug.Prod;
		};
		4A87F99D8402D10F0CD31006 /* Release */ = {
			isa = XCBuildConfiguration;
			buildSettings = {
				ASSETCATALOG_COMPILER_APPICON_NAME = AppIcon;
				CODE_SIGN_IDENTITY = "iPhone Developer";
				INFOPLIST_FILE = "../maki-maki-ios/Info.plist";
				IPHONEOS_DEPLOYMENT_TARGET = 14.0;
				LD_RUNPATH_SEARCH_PATHS = (
					"$(inherited)",
					"@executable_path/Frameworks",
				);
				MARKETING_VERSION = 1.0;
				PRODUCT_BUNDLE_IDENTIFIER = "com.maki-maki-ios";
				SDKROOT = iphoneos;
				TARGETED_DEVICE_FAMILY = "1,2";
			};
			name = Release;
		};
		52B5D227BCEF32CAEBBF8437 /* Debug.Prod */ = {
			isa = XCBuildConfiguration;
			buildSettings = {
				ALWAYS_SEARCH_USER_PATHS = NO;
				CLANG_ANALYZER_NONNULL = YES;
				CLANG_ANALYZER_NUMBER_OBJECT_CONVERSION = YES_AGGRESSIVE;
				CLANG_CXX_LANGUAGE_STANDARD = "gnu++14";
				CLANG_CXX_LIBRARY = "libc++";
				CLANG_ENABLE_MODULES = YES;
				CLANG_ENABLE_OBJC_ARC = YES;
				CLANG_ENABLE_OBJC_WEAK = YES;
				CLANG_WARN_BLOCK_CAPTURE_AUTORELEASING = YES;
				CLANG_WARN_BOOL_CONVERSION = YES;
				CLANG_WARN_COMMA = YES;
				CLANG_WARN_CONSTANT_CONVERSION = YES;
				CLANG_WARN_DEPRECATED_OBJC_IMPLEMENTATIONS = YES;
				CLANG_WARN_DIRECT_OBJC_ISA_USAGE = YES_ERROR;
				CLANG_WARN_DOCUMENTATION_COMMENTS = YES;
				CLANG_WARN_EMPTY_BODY = YES;
				CLANG_WARN_ENUM_CONVERSION = YES;
				CLANG_WARN_INFINITE_RECURSION = YES;
				CLANG_WARN_INT_CONVERSION = YES;
				CLANG_WARN_NON_LITERAL_NULL_CONVERSION = YES;
				CLANG_WARN_OBJC_IMPLICIT_RETAIN_SELF = YES;
				CLANG_WARN_OBJC_LITERAL_CONVERSION = YES;
				CLANG_WARN_OBJC_ROOT_CLASS = YES_ERROR;
				CLANG_WARN_QUOTED_INCLUDE_IN_FRAMEWORK_HEADER = YES;
				CLANG_WARN_RANGE_LOOP_ANALYSIS = YES;
				CLANG_WARN_STRICT_PROTOTYPES = YES;
				CLANG_WARN_SUSPICIOUS_MOVE = YES;
				CLANG_WARN_UNGUARDED_AVAILABILITY = YES_AGGRESSIVE;
				CLANG_WARN_UNREACHABLE_CODE = YES;
				CLANG_WARN__DUPLICATE_METHOD_MATCH = YES;
				COPY_PHASE_STRIP = NO;
				DEBUG_INFORMATION_FORMAT = dwarf;
				ENABLE_STRICT_OBJC_MSGSEND = YES;
				ENABLE_TESTABILITY = YES;
				GCC_C_LANGUAGE_STANDARD = gnu11;
				GCC_DYNAMIC_NO_PIC = NO;
				GCC_NO_COMMON_BLOCKS = YES;
				GCC_OPTIMIZATION_LEVEL = 0;
				GCC_PREPROCESSOR_DEFINITIONS = (
					"$(inherited)",
					"DEBUG=1",
				);
				GCC_WARN_64_TO_32_BIT_CONVERSION = YES;
				GCC_WARN_ABOUT_RETURN_TYPE = YES_ERROR;
				GCC_WARN_UNDECLARED_SELECTOR = YES;
				GCC_WARN_UNINITIALIZED_AUTOS = YES_AGGRESSIVE;
				GCC_WARN_UNUSED_FUNCTION = YES;
				GCC_WARN_UNUSED_VARIABLE = YES;
				MTL_ENABLE_DEBUG_INFO = INCLUDE_SOURCE;
				MTL_FAST_MATH = YES;
				ONLY_ACTIVE_ARCH = YES;
				PRODUCT_NAME = "$(TARGET_NAME)";
				SDKROOT = iphoneos;
				SWIFT_ACTIVE_COMPILATION_CONDITIONS = DEBUG;
				SWIFT_OPTIMIZATION_LEVEL = "-Onone";
				SWIFT_VERSION = 5.0;
			};
			name = Debug.Prod;
		};
		6B144642E59C4CA047B13DD3 /* Release */ = {
			isa = XCBuildConfiguration;
			buildSettings = {
				ALWAYS_SEARCH_USER_PATHS = NO;
				CLANG_ANALYZER_NONNULL = YES;
				CLANG_ANALYZER_NUMBER_OBJECT_CONVERSION = YES_AGGRESSIVE;
				CLANG_CXX_LANGUAGE_STANDARD = "gnu++14";
				CLANG_CXX_LIBRARY = "libc++";
				CLANG_ENABLE_MODULES = YES;
				CLANG_ENABLE_OBJC_ARC = YES;
				CLANG_ENABLE_OBJC_WEAK = YES;
				CLANG_WARN_BLOCK_CAPTURE_AUTORELEASING = YES;
				CLANG_WARN_BOOL_CONVERSION = YES;
				CLANG_WARN_COMMA = YES;
				CLANG_WARN_CONSTANT_CONVERSION = YES;
				CLANG_WARN_DEPRECATED_OBJC_IMPLEMENTATIONS = YES;
				CLANG_WARN_DIRECT_OBJC_ISA_USAGE = YES_ERROR;
				CLANG_WARN_DOCUMENTATION_COMMENTS = YES;
				CLANG_WARN_EMPTY_BODY = YES;
				CLANG_WARN_ENUM_CONVERSION = YES;
				CLANG_WARN_INFINITE_RECURSION = YES;
				CLANG_WARN_INT_CONVERSION = YES;
				CLANG_WARN_NON_LITERAL_NULL_CONVERSION = YES;
				CLANG_WARN_OBJC_IMPLICIT_RETAIN_SELF = YES;
				CLANG_WARN_OBJC_LITERAL_CONVERSION = YES;
				CLANG_WARN_OBJC_ROOT_CLASS = YES_ERROR;
				CLANG_WARN_QUOTED_INCLUDE_IN_FRAMEWORK_HEADER = YES;
				CLANG_WARN_RANGE_LOOP_ANALYSIS = YES;
				CLANG_WARN_STRICT_PROTOTYPES = YES;
				CLANG_WARN_SUSPICIOUS_MOVE = YES;
				CLANG_WARN_UNGUARDED_AVAILABILITY = YES_AGGRESSIVE;
				CLANG_WARN_UNREACHABLE_CODE = YES;
				CLANG_WARN__DUPLICATE_METHOD_MATCH = YES;
				COPY_PHASE_STRIP = NO;
				DEBUG_INFORMATION_FORMAT = "dwarf-with-dsym";
				ENABLE_NS_ASSERTIONS = NO;
				ENABLE_STRICT_OBJC_MSGSEND = YES;
				GCC_C_LANGUAGE_STANDARD = gnu11;
				GCC_NO_COMMON_BLOCKS = YES;
				GCC_WARN_64_TO_32_BIT_CONVERSION = YES;
				GCC_WARN_ABOUT_RETURN_TYPE = YES_ERROR;
				GCC_WARN_UNDECLARED_SELECTOR = YES;
				GCC_WARN_UNINITIALIZED_AUTOS = YES_AGGRESSIVE;
				GCC_WARN_UNUSED_FUNCTION = YES;
				GCC_WARN_UNUSED_VARIABLE = YES;
				MTL_ENABLE_DEBUG_INFO = NO;
				MTL_FAST_MATH = YES;
				PRODUCT_NAME = "$(TARGET_NAME)";
				SDKROOT = iphoneos;
				SWIFT_COMPILATION_MODE = wholemodule;
				SWIFT_OPTIMIZATION_LEVEL = "-O";
				SWIFT_VERSION = 5.0;
			};
			name = Release;
		};
/* End XCBuildConfiguration section */

/* Begin XCConfigurationList section */
		1D26E5FEDF5C1C0F60D7436F /* Build configuration list for PBXNativeTarget "maki-maki-ios" */ = {
			isa = XCConfigurationList;
			buildConfigurations = (
				1A76486AE4C7687A8D51491D /* Debug.Dev */,
				36854E55DEEB3D6992DA925B /* Debug.Prod */,
				4A87F99D8402D10F0CD31006 /* Release */,
			);
			defaultConfigurationIsVisible = 0;
			defaultConfigurationName = Debug.Dev;
		};
		44C0C4BFFF36C6E878471E1A /* Build configuration list for PBXProject "maki-maki-ios" */ = {
			isa = XCConfigurationList;
			buildConfigurations = (
				2290BCF5986B39C7728FC9C1 /* Debug.Dev */,
				52B5D227BCEF32CAEBBF8437 /* Debug.Prod */,
				6B144642E59C4CA047B13DD3 /* Release */,
			);
			defaultConfigurationIsVisible = 0;
			defaultConfigurationName = Debug.Dev;
		};
/* End XCConfigurationList section */
	};
	rootObject = B122933A4F8AD9B5AA40649C /* Project object */;
}
