PODS:
  - FirebaseCore (10.11.0):
    - FirebaseCoreInternal (~> 10.0)
    - GoogleUtilities/Environment (~> 7.8)
    - GoogleUtilities/Logger (~> 7.8)
  - FirebaseCoreInternal (10.10.0):
    - "GoogleUtilities/NSData+zlib (~> 7.8)"
  - GoogleUtilities/Environment (7.11.1):
    - PromisesObjC (< 3.0, >= 1.2)
  - GoogleUtilities/Logger (7.11.1):
    - GoogleUtilities/Environment
  - "GoogleUtilities/NSData+zlib (7.11.1)"
  - IQKeyboardManagerSwift (6.5.11)
  - PromisesObjC (2.2.0)
  - SnapKit (5.6.0)
  - SwiftLint (0.52.2)

DEPENDENCIES:
  - FirebaseCore (from `https://github.com/firebase/firebase-ios-sdk.git`, branch `master`)
  - IQKeyboardManagerSwift
  - SnapKit (= 5.6.0)
  - SwiftLint (= 0.52.2)

SPEC REPOS:
  trunk:
    - FirebaseCoreInternal
    - GoogleUtilities
    - IQKeyboardManagerSwift
    - PromisesObjC
    - SnapKit
    - SwiftLint

EXTERNAL SOURCES:
  FirebaseCore:
    :branch: master
    :git: https://github.com/firebase/firebase-ios-sdk.git

CHECKOUT OPTIONS:
  FirebaseCore:
    :commit: 9f009df386e4512065a75d744d004d66cccf4e7b
    :git: https://github.com/firebase/firebase-ios-sdk.git

SPEC CHECKSUMS:
  FirebaseCore: 764863fe7b1cdce57c0fb338843e384272beeeae
  FirebaseCoreInternal: 971029061d326000d65bfdc21f5502c75c8b0893
  GoogleUtilities: 9aa0ad5a7bc171f8bae016300bfcfa3fb8425749
  IQKeyboardManagerSwift: c7955c0bdbf7b2eb29bb7daaa44e3d90f55a9a85
  PromisesObjC: 09985d6d70fbe7878040aa746d78236e6946d2ef
  SnapKit: e01d52ebb8ddbc333eefe2132acf85c8227d9c25
  SwiftLint: 1ac76dac888ca05cb0cf24d0c85887ec1209961d

PODFILE CHECKSUM: 1c36ef443bef37f34a5cce45949833095866dfc5

COCOAPODS: 1.12.1
