// !$*UTF8*$!
{
	archiveVersion = 1;
	classes = {
	};
	objectVersion = 56;
	objects = {

/* Begin PBXBuildFile section */
		0349DDEA2A3AD64800BACD4F /* PaymentsViewController.swift in Sources */ = {isa = PBXBuildFile; fileRef = 0349DDE72A3AD64700BACD4F /* PaymentsViewController.swift */; };
		0349DDEB2A3AD64800BACD4F /* ApplePayCardTableViewCell.swift in Sources */ = {isa = PBXBuildFile; fileRef = 0349DDE82A3AD64700BACD4F /* ApplePayCardTableViewCell.swift */; };
		0349DDEC2A3AD64800BACD4F /* PaymentsTableViewCell.swift in Sources */ = {isa = PBXBuildFile; fileRef = 0349DDE92A3AD64700BACD4F /* PaymentsTableViewCell.swift */; };
		0349DDF52A3BAC3100BACD4F /* PaymentMethodTableViewCell.swift in Sources */ = {isa = PBXBuildFile; fileRef = 0349DDF32A3BAC3000BACD4F /* PaymentMethodTableViewCell.swift */; };
		0349DDF62A3BAC3100BACD4F /* PaymentMethodViewController.swift in Sources */ = {isa = PBXBuildFile; fileRef = 0349DDF42A3BAC3100BACD4F /* PaymentMethodViewController.swift */; };
		037F16712A2F5E3700401843 /* FavoritesViewController.swift in Sources */ = {isa = PBXBuildFile; fileRef = 037F16702A2F5E3700401843 /* FavoritesViewController.swift */; };
		037F16732A3058CF00401843 /* FavoritesTableViewCell.swift in Sources */ = {isa = PBXBuildFile; fileRef = 037F16722A3058CF00401843 /* FavoritesTableViewCell.swift */; };
		1D1C64022A448A4200DA83CF /* Kingfisher in Frameworks */ = {isa = PBXBuildFile; productRef = 1D1C64012A448A4200DA83CF /* Kingfisher */; };
		1D244F282A287588003BBFB8 /* PromoBannerCollectionViewCell.swift in Sources */ = {isa = PBXBuildFile; fileRef = 1D244F272A287588003BBFB8 /* PromoBannerCollectionViewCell.swift */; };
		1D26D70E2A34614D00C6DEF8 /* RecentSearchesTableViewCell.swift in Sources */ = {isa = PBXBuildFile; fileRef = 1D26D70D2A34614D00C6DEF8 /* RecentSearchesTableViewCell.swift */; };
		1D6610CC2A43251F00F0F81B /* ProductModel.swift in Sources */ = {isa = PBXBuildFile; fileRef = 1D6610CB2A43251F00F0F81B /* ProductModel.swift */; };
		1D6610CE2A43252D00F0F81B /* ProductService.swift in Sources */ = {isa = PBXBuildFile; fileRef = 1D6610CD2A43252D00F0F81B /* ProductService.swift */; };
		1D67E3C82A370BDD00C9E19B /* SearchContainerView.swift in Sources */ = {isa = PBXBuildFile; fileRef = 1D67E3C72A370BDD00C9E19B /* SearchContainerView.swift */; };
		1D7564C92A28A44D00D31E19 /* CategoryCollectionViewCell.swift in Sources */ = {isa = PBXBuildFile; fileRef = 1D7564C82A28A44D00D31E19 /* CategoryCollectionViewCell.swift */; };
		1D75FE982A2F4CDB00D4DBF9 /* SearchV1ViewController.swift in Sources */ = {isa = PBXBuildFile; fileRef = 1D75FE972A2F4CDA00D4DBF9 /* SearchV1ViewController.swift */; };
		1D75FE9A2A2F563000D4DBF9 /* SearchResultTableViewCell.swift in Sources */ = {isa = PBXBuildFile; fileRef = 1D75FE992A2F563000D4DBF9 /* SearchResultTableViewCell.swift */; };
		1D7EE2372A49938000E3756F /* SearchHistory.swift in Sources */ = {isa = PBXBuildFile; fileRef = 1D7EE2362A49938000E3756F /* SearchHistory.swift */; };
		260815B42A4A168300751BDC /* ReorderCell.swift in Sources */ = {isa = PBXBuildFile; fileRef = 260815B32A4A168300751BDC /* ReorderCell.swift */; };
		261494F02A3A598800767D1B /* StepperView.swift in Sources */ = {isa = PBXBuildFile; fileRef = 261494EF2A3A598800767D1B /* StepperView.swift */; };
		2620524B2A382EC900A2DC88 /* DishViewController.swift in Sources */ = {isa = PBXBuildFile; fileRef = 2620524A2A382EC900A2DC88 /* DishViewController.swift */; };
		2627DBBC2A2B103B007990B8 /* OrdersViewController.swift in Sources */ = {isa = PBXBuildFile; fileRef = 2627DBBB2A2B103B007990B8 /* OrdersViewController.swift */; };
		26C63CC12A2F97F50095CF47 /* OrdersList.swift in Sources */ = {isa = PBXBuildFile; fileRef = 26C63CC02A2F97F50095CF47 /* OrdersList.swift */; };
		26C63CC52A332FA40095CF47 /* NoOrdersView.swift in Sources */ = {isa = PBXBuildFile; fileRef = 26C63CC42A332FA40095CF47 /* NoOrdersView.swift */; };
		26E279862A2F49CA0071863C /* OrdersTableHeaderView.swift in Sources */ = {isa = PBXBuildFile; fileRef = 26E279852A2F49CA0071863C /* OrdersTableHeaderView.swift */; };
		26E2798A2A2F5DE00071863C /* Order.swift in Sources */ = {isa = PBXBuildFile; fileRef = 26E279892A2F5DE00071863C /* Order.swift */; };
		26FC1D5C2A273626003BA971 /* OrdersCell.swift in Sources */ = {isa = PBXBuildFile; fileRef = 26FC1D5B2A273626003BA971 /* OrdersCell.swift */; };
		274BB4E82A2864C400599092 /* WelcomePageVerTwoViewController.swift in Sources */ = {isa = PBXBuildFile; fileRef = 274485FE2A27B3D800F2FFBD /* WelcomePageVerTwoViewController.swift */; };
		274BB5102A2912FC00599092 /* WelcomePageVerOneViewController.swift in Sources */ = {isa = PBXBuildFile; fileRef = 274BB50F2A2912FC00599092 /* WelcomePageVerOneViewController.swift */; };
		275F31252A31CFAB00E94CDC /* SignInViewController.swift in Sources */ = {isa = PBXBuildFile; fileRef = 275F31242A31CFAB00E94CDC /* SignInViewController.swift */; };
		2781CD182A27C6AB00964A36 /* AccountCardsViewController.swift in Sources */ = {isa = PBXBuildFile; fileRef = 2781CD172A27C6AA00964A36 /* AccountCardsViewController.swift */; };
		2789D5F32A2F6A300030A3B8 /* VerificationViewController.swift in Sources */ = {isa = PBXBuildFile; fileRef = 2789D5F22A2F6A300030A3B8 /* VerificationViewController.swift */; };
		27943BE32A3086DC003F3C7B /* ManageAdressesViewController.swift in Sources */ = {isa = PBXBuildFile; fileRef = 27943BE22A3086DC003F3C7B /* ManageAdressesViewController.swift */; };
		27943BE52A3086E9003F3C7B /* ManageAddressesCell.swift in Sources */ = {isa = PBXBuildFile; fileRef = 27943BE42A3086E9003F3C7B /* ManageAddressesCell.swift */; };
		27943BE72A30870D003F3C7B /* ManegAdressesFooterView.swift in Sources */ = {isa = PBXBuildFile; fileRef = 27943BE62A30870D003F3C7B /* ManegAdressesFooterView.swift */; };
		27943BE92A308726003F3C7B /* Adress.swift in Sources */ = {isa = PBXBuildFile; fileRef = 27943BE82A308726003F3C7B /* Adress.swift */; };
		27A1995C2A2D18AD00ED9096 /* SignUpViewController.swift in Sources */ = {isa = PBXBuildFile; fileRef = 27A1995B2A2D18AD00ED9096 /* SignUpViewController.swift */; };
		27F5212B2A309ECD0095A5EB /* ForgotPasswordViewController.swift in Sources */ = {isa = PBXBuildFile; fileRef = 27F5212A2A309ECD0095A5EB /* ForgotPasswordViewController.swift */; };
		27F53B702A2D033400B42737 /* AccountListController.swift in Sources */ = {isa = PBXBuildFile; fileRef = 27F53B6F2A2D033400B42737 /* AccountListController.swift */; };
		27F53B722A2D049700B42737 /* AccountListCell.swift in Sources */ = {isa = PBXBuildFile; fileRef = 27F53B712A2D049700B42737 /* AccountListCell.swift */; };
		27F53B742A2D04A500B42737 /* Logo.swift in Sources */ = {isa = PBXBuildFile; fileRef = 27F53B732A2D04A500B42737 /* Logo.swift */; };
		280DA853EE7FE0FEE888F4BB /* Pods_maki_maki_ios.framework in Frameworks */ = {isa = PBXBuildFile; fileRef = 3B32FF32626E10EFCB6976BF /* Pods_maki_maki_ios.framework */; };
		6810396D2A30CDC400162D74 /* TabBarSettings.swift in Sources */ = {isa = PBXBuildFile; fileRef = 6810396C2A30CDC400162D74 /* TabBarSettings.swift */; };
		683AF7BD2A290625006469AD /* DeliveryHeaderView.swift in Sources */ = {isa = PBXBuildFile; fileRef = 683AF7BC2A290625006469AD /* DeliveryHeaderView.swift */; };
		6866811C2A29D60600BC94E7 /* SectionType.swift in Sources */ = {isa = PBXBuildFile; fileRef = 6866811B2A29D60600BC94E7 /* SectionType.swift */; };
		686A30E32A4AD28400858781 /* GroupedProducts.swift in Sources */ = {isa = PBXBuildFile; fileRef = 686A30E22A4AD28400858781 /* GroupedProducts.swift */; };
		689BC9022A2F37AE008FD14F /* TabBarItem.swift in Sources */ = {isa = PBXBuildFile; fileRef = 689BC9012A2F37AE008FD14F /* TabBarItem.swift */; };
		689BC9082A2F4C8D008FD14F /* TabBar.swift in Sources */ = {isa = PBXBuildFile; fileRef = 689BC9072A2F4C8D008FD14F /* TabBar.swift */; };
		689BC90A2A2F4D1A008FD14F /* TabBarController.swift in Sources */ = {isa = PBXBuildFile; fileRef = 689BC9092A2F4D1A008FD14F /* TabBarController.swift */; };
		689BC90C2A2F5087008FD14F /* Main2TabBarController.swift in Sources */ = {isa = PBXBuildFile; fileRef = 689BC90B2A2F5087008FD14F /* Main2TabBarController.swift */; };
		68C3EC362A27A31A009A0E02 /* MainViewController.swift in Sources */ = {isa = PBXBuildFile; fileRef = 68C3EC352A27A31A009A0E02 /* MainViewController.swift */; };
		68D810352A2867A000D29827 /* RestaurantCollectionViewCell.swift in Sources */ = {isa = PBXBuildFile; fileRef = 68D810342A2867A000D29827 /* RestaurantCollectionViewCell.swift */; };
		68D810372A286DB600D29827 /* SectionHeaderView.swift in Sources */ = {isa = PBXBuildFile; fileRef = 68D810362A286DB600D29827 /* SectionHeaderView.swift */; };
		7720EEF02A23996100A01669 /* GoogleService-Info.plist in Resources */ = {isa = PBXBuildFile; fileRef = 7720EEED2A2382FE00A01669 /* GoogleService-Info.plist */; };
		773799302A36433800E2CF7F /* AuthEndpoint.swift in Sources */ = {isa = PBXBuildFile; fileRef = 7737992F2A36433800E2CF7F /* AuthEndpoint.swift */; };
		773799332A36439700E2CF7F /* NSError+Extensions.swift in Sources */ = {isa = PBXBuildFile; fileRef = 773799322A36439700E2CF7F /* NSError+Extensions.swift */; };
		773799362A36458C00E2CF7F /* StorageManager.swift in Sources */ = {isa = PBXBuildFile; fileRef = 773799352A36458C00E2CF7F /* StorageManager.swift */; };
		773799382A3645E500E2CF7F /* UserDefaults+Extensions.swift in Sources */ = {isa = PBXBuildFile; fileRef = 773799372A3645E500E2CF7F /* UserDefaults+Extensions.swift */; };
		773A737C2A2783A20029AA44 /* UIView+Extensions.swift in Sources */ = {isa = PBXBuildFile; fileRef = 773A737B2A2783A20029AA44 /* UIView+Extensions.swift */; };
		773A737E2A27840F0029AA44 /* AppImage.swift in Sources */ = {isa = PBXBuildFile; fileRef = 773A737D2A27840F0029AA44 /* AppImage.swift */; };
		773A73802A2784160029AA44 /* AppColor.swift in Sources */ = {isa = PBXBuildFile; fileRef = 773A737F2A2784160029AA44 /* AppColor.swift */; };
		773A73822A27841E0029AA44 /* AppFont.swift in Sources */ = {isa = PBXBuildFile; fileRef = 773A73812A27841E0029AA44 /* AppFont.swift */; };
		773A73862A27877C0029AA44 /* Colors.xcassets in Resources */ = {isa = PBXBuildFile; fileRef = 773A73852A27877C0029AA44 /* Colors.xcassets */; };
		773A738A2A278D5E0029AA44 /* Inter-Bold.ttf in Resources */ = {isa = PBXBuildFile; fileRef = 773A73872A278D5E0029AA44 /* Inter-Bold.ttf */; };
		773A738B2A278D5E0029AA44 /* Inter-Medium.ttf in Resources */ = {isa = PBXBuildFile; fileRef = 773A73882A278D5E0029AA44 /* Inter-Medium.ttf */; };
		773A738C2A278D5E0029AA44 /* Inter-Regular.ttf in Resources */ = {isa = PBXBuildFile; fileRef = 773A73892A278D5E0029AA44 /* Inter-Regular.ttf */; };
		773A738E2A278DAA0029AA44 /* Inter-SemiBold.ttf in Resources */ = {isa = PBXBuildFile; fileRef = 773A738D2A278DAA0029AA44 /* Inter-SemiBold.ttf */; };
		9F23804C2A49C6AA0029A5DD /* CategoryMenuView.swift in Sources */ = {isa = PBXBuildFile; fileRef = 9F23803A2A49C6AA0029A5DD /* CategoryMenuView.swift */; };
		9F23804D2A49C6AA0029A5DD /* ProductCategoryCollectionViewCell.swift in Sources */ = {isa = PBXBuildFile; fileRef = 9F23803B2A49C6AA0029A5DD /* ProductCategoryCollectionViewCell.swift */; };
		9F23804F2A49C6AA0029A5DD /* ViewCartContainer.swift in Sources */ = {isa = PBXBuildFile; fileRef = 9F23803E2A49C6AA0029A5DD /* ViewCartContainer.swift */; };
		9F2380502A49C6AA0029A5DD /* RestaurantProductService.swift in Sources */ = {isa = PBXBuildFile; fileRef = 9F2380402A49C6AA0029A5DD /* RestaurantProductService.swift */; };
		9F2380512A49C6AA0029A5DD /* RestaurantProduct.swift in Sources */ = {isa = PBXBuildFile; fileRef = 9F2380412A49C6AA0029A5DD /* RestaurantProduct.swift */; };
		9F2380522A49C6AA0029A5DD /* RestaurantCharacteristic.swift in Sources */ = {isa = PBXBuildFile; fileRef = 9F2380432A49C6AA0029A5DD /* RestaurantCharacteristic.swift */; };
		9F2380532A49C6AA0029A5DD /* RestaurantHeaderView.swift in Sources */ = {isa = PBXBuildFile; fileRef = 9F2380442A49C6AA0029A5DD /* RestaurantHeaderView.swift */; };
		9F2380542A49C6AA0029A5DD /* RestaurantInfoView.swift in Sources */ = {isa = PBXBuildFile; fileRef = 9F2380462A49C6AA0029A5DD /* RestaurantInfoView.swift */; };
		9F2380552A49C6AA0029A5DD /* RestaurantViewController.swift in Sources */ = {isa = PBXBuildFile; fileRef = 9F2380472A49C6AA0029A5DD /* RestaurantViewController.swift */; };
		9F2380562A49C6AA0029A5DD /* ProductSectionHeaderView.swift in Sources */ = {isa = PBXBuildFile; fileRef = 9F2380492A49C6AA0029A5DD /* ProductSectionHeaderView.swift */; };
		9F2380572A49C6AA0029A5DD /* ProductCollectionViewCell.swift in Sources */ = {isa = PBXBuildFile; fileRef = 9F23804A2A49C6AA0029A5DD /* ProductCollectionViewCell.swift */; };
		9F2380582A49C6AA0029A5DD /* SectionProductsType.swift in Sources */ = {isa = PBXBuildFile; fileRef = 9F23804B2A49C6AA0029A5DD /* SectionProductsType.swift */; };
		9F61734A2A2E655B00299E56 /* BasketViewController.swift in Sources */ = {isa = PBXBuildFile; fileRef = 9F6173462A2E655B00299E56 /* BasketViewController.swift */; };
		9F61734B2A2E655B00299E56 /* DeliveryTableViewCell.swift in Sources */ = {isa = PBXBuildFile; fileRef = 9F6173472A2E655B00299E56 /* DeliveryTableViewCell.swift */; };
		9F61734C2A2E655B00299E56 /* ContainerViewController.swift in Sources */ = {isa = PBXBuildFile; fileRef = 9F6173482A2E655B00299E56 /* ContainerViewController.swift */; };
		9F61734D2A2E655B00299E56 /* BasketTableViewCell.swift in Sources */ = {isa = PBXBuildFile; fileRef = 9F6173492A2E655B00299E56 /* BasketTableViewCell.swift */; };
		9FFEE49A2A46F7F80071AE0D /* CategoryModel.swift in Sources */ = {isa = PBXBuildFile; fileRef = 9FFEE4982A46F7F80071AE0D /* CategoryModel.swift */; };
		9FFEE49B2A46F7F80071AE0D /* CategoryService.swift in Sources */ = {isa = PBXBuildFile; fileRef = 9FFEE4992A46F7F80071AE0D /* CategoryService.swift */; };
		9FFEE4A02A46F8D10071AE0D /* SnackBarController.swift in Sources */ = {isa = PBXBuildFile; fileRef = 9FFEE49F2A46F8D10071AE0D /* SnackBarController.swift */; };
		B41D60962A30ED3900ED3263 /* ResetPasswordViewController.swift in Sources */ = {isa = PBXBuildFile; fileRef = B41D60952A30ED3900ED3263 /* ResetPasswordViewController.swift */; };
		B423AD5F2A45680700B3AB7C /* AddCreditCardViewController.swift in Sources */ = {isa = PBXBuildFile; fileRef = B423AD5E2A45680700B3AB7C /* AddCreditCardViewController.swift */; };
		CE15DD362A136D3A006F9968 /* maki_maki_iosTests.swift in Sources */ = {isa = PBXBuildFile; fileRef = CE15DD352A136D3A006F9968 /* maki_maki_iosTests.swift */; };
		CE9623632A132B1A00C36D03 /* AppDelegate.swift in Sources */ = {isa = PBXBuildFile; fileRef = CE9623622A132B1A00C36D03 /* AppDelegate.swift */; };
		CE9623652A132B1A00C36D03 /* SceneDelegate.swift in Sources */ = {isa = PBXBuildFile; fileRef = CE9623642A132B1A00C36D03 /* SceneDelegate.swift */; };
		CE96236C2A132B1C00C36D03 /* Assets.xcassets in Resources */ = {isa = PBXBuildFile; fileRef = CE96236B2A132B1C00C36D03 /* Assets.xcassets */; };
		CE96236F2A132B1C00C36D03 /* LaunchScreen.storyboard in Resources */ = {isa = PBXBuildFile; fileRef = CE96236D2A132B1C00C36D03 /* LaunchScreen.storyboard */; };
		F1725D4E2A2F072B0072E258 /* OffersViewController.swift in Sources */ = {isa = PBXBuildFile; fileRef = F1725D4D2A2F072B0072E258 /* OffersViewController.swift */; };
		F1725D502A2F07920072E258 /* OffersCell.swift in Sources */ = {isa = PBXBuildFile; fileRef = F1725D4F2A2F07920072E258 /* OffersCell.swift */; };
		F1725D732A3027FC0072E258 /* OffersViewControllerV2.swift in Sources */ = {isa = PBXBuildFile; fileRef = F1725D722A3027FC0072E258 /* OffersViewControllerV2.swift */; };
		F1725D762A30283F0072E258 /* OffersCellV2.swift in Sources */ = {isa = PBXBuildFile; fileRef = F1725D752A30283F0072E258 /* OffersCellV2.swift */; };
		F187EADF2A263F5E00019242 /* EditProfileViewController.swift in Sources */ = {isa = PBXBuildFile; fileRef = F187EADE2A263F5E00019242 /* EditProfileViewController.swift */; };
/* End PBXBuildFile section */

/* Begin PBXContainerItemProxy section */
		CE15DD372A136D3A006F9968 /* PBXContainerItemProxy */ = {
			isa = PBXContainerItemProxy;
			containerPortal = CE9623572A132B1A00C36D03 /* Project object */;
			proxyType = 1;
			remoteGlobalIDString = CE96235E2A132B1A00C36D03;
			remoteInfo = "maki-maki-ios";
		};
/* End PBXContainerItemProxy section */

/* Begin PBXFileReference section */
		0349DDE72A3AD64700BACD4F /* PaymentsViewController.swift */ = {isa = PBXFileReference; fileEncoding = 4; lastKnownFileType = sourcecode.swift; path = PaymentsViewController.swift; sourceTree = "<group>"; };
		0349DDE82A3AD64700BACD4F /* ApplePayCardTableViewCell.swift */ = {isa = PBXFileReference; fileEncoding = 4; lastKnownFileType = sourcecode.swift; path = ApplePayCardTableViewCell.swift; sourceTree = "<group>"; };
		0349DDE92A3AD64700BACD4F /* PaymentsTableViewCell.swift */ = {isa = PBXFileReference; fileEncoding = 4; lastKnownFileType = sourcecode.swift; path = PaymentsTableViewCell.swift; sourceTree = "<group>"; };
		0349DDF32A3BAC3000BACD4F /* PaymentMethodTableViewCell.swift */ = {isa = PBXFileReference; fileEncoding = 4; lastKnownFileType = sourcecode.swift; path = PaymentMethodTableViewCell.swift; sourceTree = "<group>"; };
		0349DDF42A3BAC3100BACD4F /* PaymentMethodViewController.swift */ = {isa = PBXFileReference; fileEncoding = 4; lastKnownFileType = sourcecode.swift; path = PaymentMethodViewController.swift; sourceTree = "<group>"; };
		037F16702A2F5E3700401843 /* FavoritesViewController.swift */ = {isa = PBXFileReference; lastKnownFileType = sourcecode.swift; path = FavoritesViewController.swift; sourceTree = "<group>"; };
		037F16722A3058CF00401843 /* FavoritesTableViewCell.swift */ = {isa = PBXFileReference; lastKnownFileType = sourcecode.swift; path = FavoritesTableViewCell.swift; sourceTree = "<group>"; };
		1D244F272A287588003BBFB8 /* PromoBannerCollectionViewCell.swift */ = {isa = PBXFileReference; lastKnownFileType = sourcecode.swift; path = PromoBannerCollectionViewCell.swift; sourceTree = "<group>"; };
		1D26D70D2A34614D00C6DEF8 /* RecentSearchesTableViewCell.swift */ = {isa = PBXFileReference; lastKnownFileType = sourcecode.swift; path = RecentSearchesTableViewCell.swift; sourceTree = "<group>"; };
		1D6610CB2A43251F00F0F81B /* ProductModel.swift */ = {isa = PBXFileReference; lastKnownFileType = sourcecode.swift; path = ProductModel.swift; sourceTree = "<group>"; };
		1D6610CD2A43252D00F0F81B /* ProductService.swift */ = {isa = PBXFileReference; lastKnownFileType = sourcecode.swift; path = ProductService.swift; sourceTree = "<group>"; };
		1D67E3C72A370BDD00C9E19B /* SearchContainerView.swift */ = {isa = PBXFileReference; lastKnownFileType = sourcecode.swift; path = SearchContainerView.swift; sourceTree = "<group>"; };
		1D7564C82A28A44D00D31E19 /* CategoryCollectionViewCell.swift */ = {isa = PBXFileReference; lastKnownFileType = sourcecode.swift; path = CategoryCollectionViewCell.swift; sourceTree = "<group>"; };
		1D75FE972A2F4CDA00D4DBF9 /* SearchV1ViewController.swift */ = {isa = PBXFileReference; lastKnownFileType = sourcecode.swift; path = SearchV1ViewController.swift; sourceTree = "<group>"; };
		1D75FE992A2F563000D4DBF9 /* SearchResultTableViewCell.swift */ = {isa = PBXFileReference; lastKnownFileType = sourcecode.swift; path = SearchResultTableViewCell.swift; sourceTree = "<group>"; };
		1D7EE2362A49938000E3756F /* SearchHistory.swift */ = {isa = PBXFileReference; lastKnownFileType = sourcecode.swift; path = SearchHistory.swift; sourceTree = "<group>"; };
		260815B32A4A168300751BDC /* ReorderCell.swift */ = {isa = PBXFileReference; lastKnownFileType = sourcecode.swift; path = ReorderCell.swift; sourceTree = "<group>"; };
		261494EF2A3A598800767D1B /* StepperView.swift */ = {isa = PBXFileReference; lastKnownFileType = sourcecode.swift; path = StepperView.swift; sourceTree = "<group>"; };
		2620524A2A382EC900A2DC88 /* DishViewController.swift */ = {isa = PBXFileReference; lastKnownFileType = sourcecode.swift; path = DishViewController.swift; sourceTree = "<group>"; };
		2627DBBB2A2B103B007990B8 /* OrdersViewController.swift */ = {isa = PBXFileReference; lastKnownFileType = sourcecode.swift; path = OrdersViewController.swift; sourceTree = "<group>"; };
		26C63CC02A2F97F50095CF47 /* OrdersList.swift */ = {isa = PBXFileReference; lastKnownFileType = sourcecode.swift; path = OrdersList.swift; sourceTree = "<group>"; };
		26C63CC42A332FA40095CF47 /* NoOrdersView.swift */ = {isa = PBXFileReference; lastKnownFileType = sourcecode.swift; path = NoOrdersView.swift; sourceTree = "<group>"; };
		26E279852A2F49CA0071863C /* OrdersTableHeaderView.swift */ = {isa = PBXFileReference; lastKnownFileType = sourcecode.swift; path = OrdersTableHeaderView.swift; sourceTree = "<group>"; };
		26E279892A2F5DE00071863C /* Order.swift */ = {isa = PBXFileReference; lastKnownFileType = sourcecode.swift; path = Order.swift; sourceTree = "<group>"; };
		26FC1D5B2A273626003BA971 /* OrdersCell.swift */ = {isa = PBXFileReference; lastKnownFileType = sourcecode.swift; path = OrdersCell.swift; sourceTree = "<group>"; };
		274485FE2A27B3D800F2FFBD /* WelcomePageVerTwoViewController.swift */ = {isa = PBXFileReference; lastKnownFileType = sourcecode.swift; path = WelcomePageVerTwoViewController.swift; sourceTree = "<group>"; };
		274BB50F2A2912FC00599092 /* WelcomePageVerOneViewController.swift */ = {isa = PBXFileReference; lastKnownFileType = sourcecode.swift; path = WelcomePageVerOneViewController.swift; sourceTree = "<group>"; };
		275F31242A31CFAB00E94CDC /* SignInViewController.swift */ = {isa = PBXFileReference; lastKnownFileType = sourcecode.swift; path = SignInViewController.swift; sourceTree = "<group>"; };
		2781CD172A27C6AA00964A36 /* AccountCardsViewController.swift */ = {isa = PBXFileReference; fileEncoding = 4; lastKnownFileType = sourcecode.swift; path = AccountCardsViewController.swift; sourceTree = "<group>"; };
		2789D5F22A2F6A300030A3B8 /* VerificationViewController.swift */ = {isa = PBXFileReference; lastKnownFileType = sourcecode.swift; path = VerificationViewController.swift; sourceTree = "<group>"; };
		27943BE22A3086DC003F3C7B /* ManageAdressesViewController.swift */ = {isa = PBXFileReference; lastKnownFileType = sourcecode.swift; path = ManageAdressesViewController.swift; sourceTree = "<group>"; };
		27943BE42A3086E9003F3C7B /* ManageAddressesCell.swift */ = {isa = PBXFileReference; lastKnownFileType = sourcecode.swift; path = ManageAddressesCell.swift; sourceTree = "<group>"; };
		27943BE62A30870D003F3C7B /* ManegAdressesFooterView.swift */ = {isa = PBXFileReference; lastKnownFileType = sourcecode.swift; path = ManegAdressesFooterView.swift; sourceTree = "<group>"; };
		27943BE82A308726003F3C7B /* Adress.swift */ = {isa = PBXFileReference; lastKnownFileType = sourcecode.swift; path = Adress.swift; sourceTree = "<group>"; };
		27A1995B2A2D18AD00ED9096 /* SignUpViewController.swift */ = {isa = PBXFileReference; lastKnownFileType = sourcecode.swift; path = SignUpViewController.swift; sourceTree = "<group>"; };
		27F5212A2A309ECD0095A5EB /* ForgotPasswordViewController.swift */ = {isa = PBXFileReference; lastKnownFileType = sourcecode.swift; path = ForgotPasswordViewController.swift; sourceTree = "<group>"; };
		27F53B6F2A2D033400B42737 /* AccountListController.swift */ = {isa = PBXFileReference; lastKnownFileType = sourcecode.swift; path = AccountListController.swift; sourceTree = "<group>"; };
		27F53B712A2D049700B42737 /* AccountListCell.swift */ = {isa = PBXFileReference; lastKnownFileType = sourcecode.swift; path = AccountListCell.swift; sourceTree = "<group>"; };
		27F53B732A2D04A500B42737 /* Logo.swift */ = {isa = PBXFileReference; lastKnownFileType = sourcecode.swift; path = Logo.swift; sourceTree = "<group>"; };
		3877194306F35D65A193A10C /* Pods-maki-maki-ios.debug.xcconfig */ = {isa = PBXFileReference; includeInIndex = 1; lastKnownFileType = text.xcconfig; name = "Pods-maki-maki-ios.debug.xcconfig"; path = "Target Support Files/Pods-maki-maki-ios/Pods-maki-maki-ios.debug.xcconfig"; sourceTree = "<group>"; };
		3B32FF32626E10EFCB6976BF /* Pods_maki_maki_ios.framework */ = {isa = PBXFileReference; explicitFileType = wrapper.framework; includeInIndex = 0; path = Pods_maki_maki_ios.framework; sourceTree = BUILT_PRODUCTS_DIR; };
		6810396C2A30CDC400162D74 /* TabBarSettings.swift */ = {isa = PBXFileReference; lastKnownFileType = sourcecode.swift; path = TabBarSettings.swift; sourceTree = "<group>"; };
		683AF7BC2A290625006469AD /* DeliveryHeaderView.swift */ = {isa = PBXFileReference; lastKnownFileType = sourcecode.swift; path = DeliveryHeaderView.swift; sourceTree = "<group>"; };
		6866811B2A29D60600BC94E7 /* SectionType.swift */ = {isa = PBXFileReference; lastKnownFileType = sourcecode.swift; path = SectionType.swift; sourceTree = "<group>"; };
		686A30E22A4AD28400858781 /* GroupedProducts.swift */ = {isa = PBXFileReference; lastKnownFileType = sourcecode.swift; path = GroupedProducts.swift; sourceTree = "<group>"; };
		689BC9012A2F37AE008FD14F /* TabBarItem.swift */ = {isa = PBXFileReference; lastKnownFileType = sourcecode.swift; path = TabBarItem.swift; sourceTree = "<group>"; };
		689BC9072A2F4C8D008FD14F /* TabBar.swift */ = {isa = PBXFileReference; lastKnownFileType = sourcecode.swift; path = TabBar.swift; sourceTree = "<group>"; };
		689BC9092A2F4D1A008FD14F /* TabBarController.swift */ = {isa = PBXFileReference; lastKnownFileType = sourcecode.swift; path = TabBarController.swift; sourceTree = "<group>"; };
		689BC90B2A2F5087008FD14F /* Main2TabBarController.swift */ = {isa = PBXFileReference; lastKnownFileType = sourcecode.swift; path = Main2TabBarController.swift; sourceTree = "<group>"; };
		68C3EC352A27A31A009A0E02 /* MainViewController.swift */ = {isa = PBXFileReference; lastKnownFileType = sourcecode.swift; path = MainViewController.swift; sourceTree = "<group>"; };
		68D810342A2867A000D29827 /* RestaurantCollectionViewCell.swift */ = {isa = PBXFileReference; lastKnownFileType = sourcecode.swift; path = RestaurantCollectionViewCell.swift; sourceTree = "<group>"; };
		68D810362A286DB600D29827 /* SectionHeaderView.swift */ = {isa = PBXFileReference; lastKnownFileType = sourcecode.swift; path = SectionHeaderView.swift; sourceTree = "<group>"; };
		7720EEED2A2382FE00A01669 /* GoogleService-Info.plist */ = {isa = PBXFileReference; fileEncoding = 4; lastKnownFileType = text.plist.xml; path = "GoogleService-Info.plist"; sourceTree = "<group>"; };
		7737992F2A36433800E2CF7F /* AuthEndpoint.swift */ = {isa = PBXFileReference; lastKnownFileType = sourcecode.swift; path = AuthEndpoint.swift; sourceTree = "<group>"; };
		773799322A36439700E2CF7F /* NSError+Extensions.swift */ = {isa = PBXFileReference; lastKnownFileType = sourcecode.swift; path = "NSError+Extensions.swift"; sourceTree = "<group>"; };
		773799352A36458C00E2CF7F /* StorageManager.swift */ = {isa = PBXFileReference; lastKnownFileType = sourcecode.swift; path = StorageManager.swift; sourceTree = "<group>"; };
		773799372A3645E500E2CF7F /* UserDefaults+Extensions.swift */ = {isa = PBXFileReference; lastKnownFileType = sourcecode.swift; path = "UserDefaults+Extensions.swift"; sourceTree = "<group>"; };
		773A737B2A2783A20029AA44 /* UIView+Extensions.swift */ = {isa = PBXFileReference; lastKnownFileType = sourcecode.swift; path = "UIView+Extensions.swift"; sourceTree = "<group>"; };
		773A737D2A27840F0029AA44 /* AppImage.swift */ = {isa = PBXFileReference; lastKnownFileType = sourcecode.swift; path = AppImage.swift; sourceTree = "<group>"; };
		773A737F2A2784160029AA44 /* AppColor.swift */ = {isa = PBXFileReference; lastKnownFileType = sourcecode.swift; path = AppColor.swift; sourceTree = "<group>"; };
		773A73812A27841E0029AA44 /* AppFont.swift */ = {isa = PBXFileReference; lastKnownFileType = sourcecode.swift; path = AppFont.swift; sourceTree = "<group>"; };
		773A73852A27877C0029AA44 /* Colors.xcassets */ = {isa = PBXFileReference; lastKnownFileType = folder.assetcatalog; path = Colors.xcassets; sourceTree = "<group>"; };
		773A73872A278D5E0029AA44 /* Inter-Bold.ttf */ = {isa = PBXFileReference; lastKnownFileType = file; path = "Inter-Bold.ttf"; sourceTree = "<group>"; };
		773A73882A278D5E0029AA44 /* Inter-Medium.ttf */ = {isa = PBXFileReference; lastKnownFileType = file; path = "Inter-Medium.ttf"; sourceTree = "<group>"; };
		773A73892A278D5E0029AA44 /* Inter-Regular.ttf */ = {isa = PBXFileReference; lastKnownFileType = file; path = "Inter-Regular.ttf"; sourceTree = "<group>"; };
		773A738D2A278DAA0029AA44 /* Inter-SemiBold.ttf */ = {isa = PBXFileReference; lastKnownFileType = file; path = "Inter-SemiBold.ttf"; sourceTree = "<group>"; };
		9F23803A2A49C6AA0029A5DD /* CategoryMenuView.swift */ = {isa = PBXFileReference; fileEncoding = 4; lastKnownFileType = sourcecode.swift; path = CategoryMenuView.swift; sourceTree = "<group>"; };
		9F23803B2A49C6AA0029A5DD /* ProductCategoryCollectionViewCell.swift */ = {isa = PBXFileReference; fileEncoding = 4; lastKnownFileType = sourcecode.swift; path = ProductCategoryCollectionViewCell.swift; sourceTree = "<group>"; };
		9F23803E2A49C6AA0029A5DD /* ViewCartContainer.swift */ = {isa = PBXFileReference; fileEncoding = 4; lastKnownFileType = sourcecode.swift; path = ViewCartContainer.swift; sourceTree = "<group>"; };
		9F2380402A49C6AA0029A5DD /* RestaurantProductService.swift */ = {isa = PBXFileReference; fileEncoding = 4; lastKnownFileType = sourcecode.swift; path = RestaurantProductService.swift; sourceTree = "<group>"; };
		9F2380412A49C6AA0029A5DD /* RestaurantProduct.swift */ = {isa = PBXFileReference; fileEncoding = 4; lastKnownFileType = sourcecode.swift; path = RestaurantProduct.swift; sourceTree = "<group>"; };
		9F2380432A49C6AA0029A5DD /* RestaurantCharacteristic.swift */ = {isa = PBXFileReference; fileEncoding = 4; lastKnownFileType = sourcecode.swift; path = RestaurantCharacteristic.swift; sourceTree = "<group>"; };
		9F2380442A49C6AA0029A5DD /* RestaurantHeaderView.swift */ = {isa = PBXFileReference; fileEncoding = 4; lastKnownFileType = sourcecode.swift; path = RestaurantHeaderView.swift; sourceTree = "<group>"; };
		9F2380462A49C6AA0029A5DD /* RestaurantInfoView.swift */ = {isa = PBXFileReference; fileEncoding = 4; lastKnownFileType = sourcecode.swift; path = RestaurantInfoView.swift; sourceTree = "<group>"; };
		9F2380472A49C6AA0029A5DD /* RestaurantViewController.swift */ = {isa = PBXFileReference; fileEncoding = 4; lastKnownFileType = sourcecode.swift; path = RestaurantViewController.swift; sourceTree = "<group>"; };
		9F2380492A49C6AA0029A5DD /* ProductSectionHeaderView.swift */ = {isa = PBXFileReference; fileEncoding = 4; lastKnownFileType = sourcecode.swift; path = ProductSectionHeaderView.swift; sourceTree = "<group>"; };
		9F23804A2A49C6AA0029A5DD /* ProductCollectionViewCell.swift */ = {isa = PBXFileReference; fileEncoding = 4; lastKnownFileType = sourcecode.swift; path = ProductCollectionViewCell.swift; sourceTree = "<group>"; };
		9F23804B2A49C6AA0029A5DD /* SectionProductsType.swift */ = {isa = PBXFileReference; fileEncoding = 4; lastKnownFileType = sourcecode.swift; path = SectionProductsType.swift; sourceTree = "<group>"; };
		9F6173462A2E655B00299E56 /* BasketViewController.swift */ = {isa = PBXFileReference; fileEncoding = 4; lastKnownFileType = sourcecode.swift; path = BasketViewController.swift; sourceTree = "<group>"; };
		9F6173472A2E655B00299E56 /* DeliveryTableViewCell.swift */ = {isa = PBXFileReference; fileEncoding = 4; lastKnownFileType = sourcecode.swift; path = DeliveryTableViewCell.swift; sourceTree = "<group>"; };
		9F6173482A2E655B00299E56 /* ContainerViewController.swift */ = {isa = PBXFileReference; fileEncoding = 4; lastKnownFileType = sourcecode.swift; path = ContainerViewController.swift; sourceTree = "<group>"; };
		9F6173492A2E655B00299E56 /* BasketTableViewCell.swift */ = {isa = PBXFileReference; fileEncoding = 4; lastKnownFileType = sourcecode.swift; path = BasketTableViewCell.swift; sourceTree = "<group>"; };
		9FFEE4982A46F7F80071AE0D /* CategoryModel.swift */ = {isa = PBXFileReference; fileEncoding = 4; lastKnownFileType = sourcecode.swift; path = CategoryModel.swift; sourceTree = "<group>"; };
		9FFEE4992A46F7F80071AE0D /* CategoryService.swift */ = {isa = PBXFileReference; fileEncoding = 4; lastKnownFileType = sourcecode.swift; path = CategoryService.swift; sourceTree = "<group>"; };
		9FFEE49F2A46F8D10071AE0D /* SnackBarController.swift */ = {isa = PBXFileReference; lastKnownFileType = sourcecode.swift; path = SnackBarController.swift; sourceTree = "<group>"; };
		B41D60952A30ED3900ED3263 /* ResetPasswordViewController.swift */ = {isa = PBXFileReference; lastKnownFileType = sourcecode.swift; path = ResetPasswordViewController.swift; sourceTree = "<group>"; };
		B423AD5E2A45680700B3AB7C /* AddCreditCardViewController.swift */ = {isa = PBXFileReference; lastKnownFileType = sourcecode.swift; path = AddCreditCardViewController.swift; sourceTree = "<group>"; };
		BEADB4B4DF4E567102412C80 /* Pods-maki-maki-ios.release.xcconfig */ = {isa = PBXFileReference; includeInIndex = 1; lastKnownFileType = text.xcconfig; name = "Pods-maki-maki-ios.release.xcconfig"; path = "Target Support Files/Pods-maki-maki-ios/Pods-maki-maki-ios.release.xcconfig"; sourceTree = "<group>"; };
		CE15DD332A136D3A006F9968 /* maki-maki-iosTests.xctest */ = {isa = PBXFileReference; explicitFileType = wrapper.cfbundle; includeInIndex = 0; path = "maki-maki-iosTests.xctest"; sourceTree = BUILT_PRODUCTS_DIR; };
		CE15DD352A136D3A006F9968 /* maki_maki_iosTests.swift */ = {isa = PBXFileReference; lastKnownFileType = sourcecode.swift; path = maki_maki_iosTests.swift; sourceTree = "<group>"; };
		CE96235F2A132B1A00C36D03 /* maki-maki-ios.app */ = {isa = PBXFileReference; explicitFileType = wrapper.application; includeInIndex = 0; path = "maki-maki-ios.app"; sourceTree = BUILT_PRODUCTS_DIR; };
		CE9623622A132B1A00C36D03 /* AppDelegate.swift */ = {isa = PBXFileReference; lastKnownFileType = sourcecode.swift; path = AppDelegate.swift; sourceTree = "<group>"; };
		CE9623642A132B1A00C36D03 /* SceneDelegate.swift */ = {isa = PBXFileReference; lastKnownFileType = sourcecode.swift; path = SceneDelegate.swift; sourceTree = "<group>"; };
		CE96236B2A132B1C00C36D03 /* Assets.xcassets */ = {isa = PBXFileReference; lastKnownFileType = folder.assetcatalog; path = Assets.xcassets; sourceTree = "<group>"; };
		CE96236E2A132B1C00C36D03 /* Base */ = {isa = PBXFileReference; lastKnownFileType = file.storyboard; name = Base; path = Base.lproj/LaunchScreen.storyboard; sourceTree = "<group>"; };
		CE9623702A132B1C00C36D03 /* Info.plist */ = {isa = PBXFileReference; lastKnownFileType = text.plist.xml; path = Info.plist; sourceTree = "<group>"; };
		F1725D4D2A2F072B0072E258 /* OffersViewController.swift */ = {isa = PBXFileReference; lastKnownFileType = sourcecode.swift; path = OffersViewController.swift; sourceTree = "<group>"; };
		F1725D4F2A2F07920072E258 /* OffersCell.swift */ = {isa = PBXFileReference; lastKnownFileType = sourcecode.swift; path = OffersCell.swift; sourceTree = "<group>"; };
		F1725D722A3027FC0072E258 /* OffersViewControllerV2.swift */ = {isa = PBXFileReference; lastKnownFileType = sourcecode.swift; path = OffersViewControllerV2.swift; sourceTree = "<group>"; };
		F1725D752A30283F0072E258 /* OffersCellV2.swift */ = {isa = PBXFileReference; lastKnownFileType = sourcecode.swift; path = OffersCellV2.swift; sourceTree = "<group>"; };
		F187EADE2A263F5E00019242 /* EditProfileViewController.swift */ = {isa = PBXFileReference; lastKnownFileType = sourcecode.swift; path = EditProfileViewController.swift; sourceTree = "<group>"; };
/* End PBXFileReference section */

/* Begin PBXFrameworksBuildPhase section */
		CE15DD302A136D3A006F9968 /* Frameworks */ = {
			isa = PBXFrameworksBuildPhase;
			buildActionMask = 2147483647;
			files = (
			);
			runOnlyForDeploymentPostprocessing = 0;
		};
		CE96235C2A132B1A00C36D03 /* Frameworks */ = {
			isa = PBXFrameworksBuildPhase;
			buildActionMask = 2147483647;
			files = (
				1D1C64022A448A4200DA83CF /* Kingfisher in Frameworks */,
				280DA853EE7FE0FEE888F4BB /* Pods_maki_maki_ios.framework in Frameworks */,
			);
			runOnlyForDeploymentPostprocessing = 0;
		};
/* End PBXFrameworksBuildPhase section */

/* Begin PBXGroup section */
		0349DDE62A3AD62500BACD4F /* Payments */ = {
			isa = PBXGroup;
			children = (
				0349DDE82A3AD64700BACD4F /* ApplePayCardTableViewCell.swift */,
				0349DDE92A3AD64700BACD4F /* PaymentsTableViewCell.swift */,
				0349DDE72A3AD64700BACD4F /* PaymentsViewController.swift */,
			);
			path = Payments;
			sourceTree = "<group>";
		};
		0349DDF22A3BABEA00BACD4F /* Payment Method */ = {
			isa = PBXGroup;
			children = (
				0349DDF32A3BAC3000BACD4F /* PaymentMethodTableViewCell.swift */,
				0349DDF42A3BAC3100BACD4F /* PaymentMethodViewController.swift */,
			);
			path = "Payment Method";
			sourceTree = "<group>";
		};
		037F166D2A2F5DC800401843 /* Favorites */ = {
			isa = PBXGroup;
			children = (
				037F16702A2F5E3700401843 /* FavoritesViewController.swift */,
				037F16722A3058CF00401843 /* FavoritesTableViewCell.swift */,
			);
			path = Favorites;
			sourceTree = "<group>";
		};
		1D6610CA2A4324FC00F0F81B /* Model */ = {
			isa = PBXGroup;
			children = (
				1D6610CB2A43251F00F0F81B /* ProductModel.swift */,
				1D6610CD2A43252D00F0F81B /* ProductService.swift */,
				1D7EE2362A49938000E3756F /* SearchHistory.swift */,
			);
			path = Model;
			sourceTree = "<group>";
		};
		1D67E3C62A370BC100C9E19B /* Views */ = {
			isa = PBXGroup;
			children = (
				1D67E3C72A370BDD00C9E19B /* SearchContainerView.swift */,
			);
			path = Views;
			sourceTree = "<group>";
		};
		1D75FE962A2F4C8800D4DBF9 /* Search */ = {
			isa = PBXGroup;
			children = (
				1D6610CA2A4324FC00F0F81B /* Model */,
				1D67E3C62A370BC100C9E19B /* Views */,
				1D75FE972A2F4CDA00D4DBF9 /* SearchV1ViewController.swift */,
				1D75FE992A2F563000D4DBF9 /* SearchResultTableViewCell.swift */,
				1D26D70D2A34614D00C6DEF8 /* RecentSearchesTableViewCell.swift */,
			);
			path = Search;
			sourceTree = "<group>";
		};
		262052492A382E3300A2DC88 /* Dish */ = {
			isa = PBXGroup;
			children = (
				2620524A2A382EC900A2DC88 /* DishViewController.swift */,
				261494EF2A3A598800767D1B /* StepperView.swift */,
			);
			path = Dish;
			sourceTree = "<group>";
		};
		26FC1D542A264B1F003BA971 /* Orders */ = {
			isa = PBXGroup;
			children = (
				2627DBBB2A2B103B007990B8 /* OrdersViewController.swift */,
				26E279852A2F49CA0071863C /* OrdersTableHeaderView.swift */,
				26FC1D5B2A273626003BA971 /* OrdersCell.swift */,
				260815B32A4A168300751BDC /* ReorderCell.swift */,
				26E279892A2F5DE00071863C /* Order.swift */,
				26C63CC02A2F97F50095CF47 /* OrdersList.swift */,
				26C63CC42A332FA40095CF47 /* NoOrdersView.swift */,
			);
			path = Orders;
			sourceTree = "<group>";
		};
		274485FD2A27B3B400F2FFBD /* Registration */ = {
			isa = PBXGroup;
			children = (
				274485FE2A27B3D800F2FFBD /* WelcomePageVerTwoViewController.swift */,
				274BB50F2A2912FC00599092 /* WelcomePageVerOneViewController.swift */,
				27A1995B2A2D18AD00ED9096 /* SignUpViewController.swift */,
				2789D5F22A2F6A300030A3B8 /* VerificationViewController.swift */,
			);
			path = Registration;
			sourceTree = "<group>";
		};
		2781CD162A27C6AA00964A36 /* AccountCards */ = {
			isa = PBXGroup;
			children = (
				2781CD172A27C6AA00964A36 /* AccountCardsViewController.swift */,
			);
			path = AccountCards;
			sourceTree = "<group>";
		};
		27943BE12A308688003F3C7B /* Manage Addresses */ = {
			isa = PBXGroup;
			children = (
				27943BE22A3086DC003F3C7B /* ManageAdressesViewController.swift */,
				27943BE42A3086E9003F3C7B /* ManageAddressesCell.swift */,
				27943BE62A30870D003F3C7B /* ManegAdressesFooterView.swift */,
				27943BE82A308726003F3C7B /* Adress.swift */,
			);
			path = "Manage Addresses";
			sourceTree = "<group>";
		};
		27F521292A309E6A0095A5EB /* Authorization */ = {
			isa = PBXGroup;
			children = (
				275F31242A31CFAB00E94CDC /* SignInViewController.swift */,
				B41D60952A30ED3900ED3263 /* ResetPasswordViewController.swift */,
				27F5212A2A309ECD0095A5EB /* ForgotPasswordViewController.swift */,
			);
			path = Authorization;
			sourceTree = "<group>";
		};
		27F53B6E2A2D030C00B42737 /* AccountList */ = {
			isa = PBXGroup;
			children = (
				27F53B6F2A2D033400B42737 /* AccountListController.swift */,
				27F53B712A2D049700B42737 /* AccountListCell.swift */,
				27F53B732A2D04A500B42737 /* Logo.swift */,
			);
			path = AccountList;
			sourceTree = "<group>";
		};
		327706A57B81CFE57F597C31 /* Frameworks */ = {
			isa = PBXGroup;
			children = (
				3B32FF32626E10EFCB6976BF /* Pods_maki_maki_ios.framework */,
			);
			name = Frameworks;
			sourceTree = "<group>";
		};
		3698B4DD150C043E97803E68 /* Pods */ = {
			isa = PBXGroup;
			children = (
				3877194306F35D65A193A10C /* Pods-maki-maki-ios.debug.xcconfig */,
				BEADB4B4DF4E567102412C80 /* Pods-maki-maki-ios.release.xcconfig */,
			);
			path = Pods;
			sourceTree = "<group>";
		};
		68374CD72A2B437800B3DC89 /* Tabbar */ = {
			isa = PBXGroup;
			children = (
				689BC9012A2F37AE008FD14F /* TabBarItem.swift */,
				689BC9072A2F4C8D008FD14F /* TabBar.swift */,
				689BC9092A2F4D1A008FD14F /* TabBarController.swift */,
				689BC90B2A2F5087008FD14F /* Main2TabBarController.swift */,
				6810396C2A30CDC400162D74 /* TabBarSettings.swift */,
			);
			path = Tabbar;
			sourceTree = "<group>";
		};
		6838C4062A4EB47E008BA320 /* NewMainPage */ = {
			isa = PBXGroup;
			children = (
			);
			path = NewMainPage;
			sourceTree = "<group>";
		};
		68C3EC342A27A308009A0E02 /* MainPage */ = {
			isa = PBXGroup;
			children = (
				F174F8032A42B66F00D7B8DC /* Model */,
				F174F8042A42B69800D7B8DC /* View */,
				F174F8052A42B6BD00D7B8DC /* Controller */,
			);
			path = MainPage;
			sourceTree = "<group>";
		};
		773799282A36424C00E2CF7F /* Managers */ = {
			isa = PBXGroup;
			children = (
				773799342A36457F00E2CF7F /* Storage */,
				773799292A3642CA00E2CF7F /* Server */,
			);
			path = Managers;
			sourceTree = "<group>";
		};
		773799292A3642CA00E2CF7F /* Server */ = {
			isa = PBXGroup;
			children = (
				7737992E2A36432700E2CF7F /* Api */,
			);
			path = Server;
			sourceTree = "<group>";
		};
		7737992E2A36432700E2CF7F /* Api */ = {
			isa = PBXGroup;
			children = (
				7737992F2A36433800E2CF7F /* AuthEndpoint.swift */,
			);
			path = Api;
			sourceTree = "<group>";
		};
		773799312A36438200E2CF7F /* Foundation+Extensions */ = {
			isa = PBXGroup;
			children = (
				773799322A36439700E2CF7F /* NSError+Extensions.swift */,
				773799372A3645E500E2CF7F /* UserDefaults+Extensions.swift */,
			);
			path = "Foundation+Extensions";
			sourceTree = "<group>";
		};
		773799342A36457F00E2CF7F /* Storage */ = {
			isa = PBXGroup;
			children = (
				773799352A36458C00E2CF7F /* StorageManager.swift */,
			);
			path = Storage;
			sourceTree = "<group>";
		};
		773A73762A2783170029AA44 /* Helpers */ = {
			isa = PBXGroup;
			children = (
				9FFEE49E2A46F8BF0071AE0D /* UI */,
				773799282A36424C00E2CF7F /* Managers */,
				773A73782A2783290029AA44 /* Resourses */,
				773A73772A27831D0029AA44 /* Extensions */,
			);
			path = Helpers;
			sourceTree = "<group>";
		};
		773A73772A27831D0029AA44 /* Extensions */ = {
			isa = PBXGroup;
			children = (
				773799312A36438200E2CF7F /* Foundation+Extensions */,
				9F541B892A2DC44A004B3155 /* UIKit+Extensions */,
			);
			path = Extensions;
			sourceTree = "<group>";
		};
		773A73782A2783290029AA44 /* Resourses */ = {
			isa = PBXGroup;
			children = (
				773A737A2A2783740029AA44 /* Fonts */,
				773A737D2A27840F0029AA44 /* AppImage.swift */,
				773A737F2A2784160029AA44 /* AppColor.swift */,
				773A73812A27841E0029AA44 /* AppFont.swift */,
			);
			path = Resourses;
			sourceTree = "<group>";
		};
		773A737A2A2783740029AA44 /* Fonts */ = {
			isa = PBXGroup;
			children = (
				773A73872A278D5E0029AA44 /* Inter-Bold.ttf */,
				773A738D2A278DAA0029AA44 /* Inter-SemiBold.ttf */,
				773A73882A278D5E0029AA44 /* Inter-Medium.ttf */,
				773A73892A278D5E0029AA44 /* Inter-Regular.ttf */,
			);
			path = Fonts;
			sourceTree = "<group>";
		};
		9F2380382A49C6AA0029A5DD /* RestaurantMenu */ = {
			isa = PBXGroup;
			children = (
				9F2380472A49C6AA0029A5DD /* RestaurantViewController.swift */,
				9F2380392A49C6AA0029A5DD /* CategoryMenu */,
				9F23803D2A49C6AA0029A5DD /* ViewCart */,
				9F23803F2A49C6AA0029A5DD /* Model */,
				9F2380422A49C6AA0029A5DD /* MainHeader */,
				9F2380482A49C6AA0029A5DD /* ProductMenu */,
			);
			path = RestaurantMenu;
			sourceTree = "<group>";
		};
		9F2380392A49C6AA0029A5DD /* CategoryMenu */ = {
			isa = PBXGroup;
			children = (
				9F23803A2A49C6AA0029A5DD /* CategoryMenuView.swift */,
				9F23803B2A49C6AA0029A5DD /* ProductCategoryCollectionViewCell.swift */,
			);
			path = CategoryMenu;
			sourceTree = "<group>";
		};
		9F23803D2A49C6AA0029A5DD /* ViewCart */ = {
			isa = PBXGroup;
			children = (
				9F23803E2A49C6AA0029A5DD /* ViewCartContainer.swift */,
			);
			path = ViewCart;
			sourceTree = "<group>";
		};
		9F23803F2A49C6AA0029A5DD /* Model */ = {
			isa = PBXGroup;
			children = (
				9F2380402A49C6AA0029A5DD /* RestaurantProductService.swift */,
				9F2380412A49C6AA0029A5DD /* RestaurantProduct.swift */,
				686A30E22A4AD28400858781 /* GroupedProducts.swift */,
			);
			path = Model;
			sourceTree = "<group>";
		};
		9F2380422A49C6AA0029A5DD /* MainHeader */ = {
			isa = PBXGroup;
			children = (
				9F2380462A49C6AA0029A5DD /* RestaurantInfoView.swift */,
				9F2380432A49C6AA0029A5DD /* RestaurantCharacteristic.swift */,
				9F2380442A49C6AA0029A5DD /* RestaurantHeaderView.swift */,
			);
			path = MainHeader;
			sourceTree = "<group>";
		};
		9F2380482A49C6AA0029A5DD /* ProductMenu */ = {
			isa = PBXGroup;
			children = (
				9F2380492A49C6AA0029A5DD /* ProductSectionHeaderView.swift */,
				9F23804A2A49C6AA0029A5DD /* ProductCollectionViewCell.swift */,
				9F23804B2A49C6AA0029A5DD /* SectionProductsType.swift */,
			);
			path = ProductMenu;
			sourceTree = "<group>";
		};
		9F541B872A2DC3AD004B3155 /* Resources */ = {
			isa = PBXGroup;
			children = (
				CE96236B2A132B1C00C36D03 /* Assets.xcassets */,
				773A73852A27877C0029AA44 /* Colors.xcassets */,
			);
			path = Resources;
			sourceTree = "<group>";
		};
		9F541B882A2DC3BA004B3155 /* App Settings */ = {
			isa = PBXGroup;
			children = (
				CE9623702A132B1C00C36D03 /* Info.plist */,
				7720EEED2A2382FE00A01669 /* GoogleService-Info.plist */,
			);
			path = "App Settings";
			sourceTree = "<group>";
		};
		9F541B892A2DC44A004B3155 /* UIKit+Extensions */ = {
			isa = PBXGroup;
			children = (
				773A737B2A2783A20029AA44 /* UIView+Extensions.swift */,
			);
			path = "UIKit+Extensions";
			sourceTree = "<group>";
		};
		9F61734E2A2E656100299E56 /* Basket */ = {
			isa = PBXGroup;
			children = (
				9F6173492A2E655B00299E56 /* BasketTableViewCell.swift */,
				9F6173462A2E655B00299E56 /* BasketViewController.swift */,
				9F6173482A2E655B00299E56 /* ContainerViewController.swift */,
				9F6173472A2E655B00299E56 /* DeliveryTableViewCell.swift */,
			);
			path = Basket;
			sourceTree = "<group>";
		};
		9FFEE49E2A46F8BF0071AE0D /* UI */ = {
			isa = PBXGroup;
			children = (
				9FFEE49F2A46F8D10071AE0D /* SnackBarController.swift */,
			);
			path = UI;
			sourceTree = "<group>";
		};
		B423AD5D2A4567BB00B3AB7C /* AddCreditCard */ = {
			isa = PBXGroup;
			children = (
				B423AD5E2A45680700B3AB7C /* AddCreditCardViewController.swift */,
			);
			path = AddCreditCard;
			sourceTree = "<group>";
		};
		CE15DD342A136D3A006F9968 /* maki-maki-iosTests */ = {
			isa = PBXGroup;
			children = (
				CE15DD352A136D3A006F9968 /* maki_maki_iosTests.swift */,
			);
			path = "maki-maki-iosTests";
			sourceTree = "<group>";
		};
		CE9623562A132B1A00C36D03 = {
			isa = PBXGroup;
			children = (
				CE9623612A132B1A00C36D03 /* maki-maki-ios */,
				CE15DD342A136D3A006F9968 /* maki-maki-iosTests */,
				CE9623602A132B1A00C36D03 /* Products */,
				3698B4DD150C043E97803E68 /* Pods */,
				327706A57B81CFE57F597C31 /* Frameworks */,
			);
			sourceTree = "<group>";
		};
		CE9623602A132B1A00C36D03 /* Products */ = {
			isa = PBXGroup;
			children = (
				CE96235F2A132B1A00C36D03 /* maki-maki-ios.app */,
				CE15DD332A136D3A006F9968 /* maki-maki-iosTests.xctest */,
			);
			name = Products;
			sourceTree = "<group>";
		};
		CE9623612A132B1A00C36D03 /* maki-maki-ios */ = {
			isa = PBXGroup;
			children = (
				CE96236D2A132B1C00C36D03 /* LaunchScreen.storyboard */,
				CE9623622A132B1A00C36D03 /* AppDelegate.swift */,
				CE9623642A132B1A00C36D03 /* SceneDelegate.swift */,
				27F521292A309E6A0095A5EB /* Authorization */,
				9F541B872A2DC3AD004B3155 /* Resources */,
				773A73762A2783170029AA44 /* Helpers */,
				9F541B882A2DC3BA004B3155 /* App Settings */,
				274485FD2A27B3B400F2FFBD /* Registration */,
				68374CD72A2B437800B3DC89 /* Tabbar */,
				68C3EC342A27A308009A0E02 /* MainPage */,
				6838C4062A4EB47E008BA320 /* NewMainPage */,
				9F2380382A49C6AA0029A5DD /* RestaurantMenu */,
				262052492A382E3300A2DC88 /* Dish */,
				1D75FE962A2F4C8800D4DBF9 /* Search */,
				26FC1D542A264B1F003BA971 /* Orders */,
				27F53B6E2A2D030C00B42737 /* AccountList */,
				2781CD162A27C6AA00964A36 /* AccountCards */,
				F1725D712A3027940072E258 /* AccountOffersV2 */,
				F1725D4C2A2F070E0072E258 /* AccountOffersList */,
				037F166D2A2F5DC800401843 /* Favorites */,
				9F61734E2A2E656100299E56 /* Basket */,
				27943BE12A308688003F3C7B /* Manage Addresses */,
				F187EADD2A263EFE00019242 /* EditProfile */,
				0349DDE62A3AD62500BACD4F /* Payments */,
				B423AD5D2A4567BB00B3AB7C /* AddCreditCard */,
				0349DDF22A3BABEA00BACD4F /* Payment Method */,
			);
			path = "maki-maki-ios";
			sourceTree = "<group>";
		};
		F1725D4C2A2F070E0072E258 /* AccountOffersList */ = {
			isa = PBXGroup;
			children = (
				F1725D4D2A2F072B0072E258 /* OffersViewController.swift */,
				F1725D4F2A2F07920072E258 /* OffersCell.swift */,
			);
			path = AccountOffersList;
			sourceTree = "<group>";
		};
		F1725D712A3027940072E258 /* AccountOffersV2 */ = {
			isa = PBXGroup;
			children = (
				F1725D722A3027FC0072E258 /* OffersViewControllerV2.swift */,
				F1725D752A30283F0072E258 /* OffersCellV2.swift */,
			);
			path = AccountOffersV2;
			sourceTree = "<group>";
		};
		F174F8032A42B66F00D7B8DC /* Model */ = {
			isa = PBXGroup;
			children = (
				9FFEE4982A46F7F80071AE0D /* CategoryModel.swift */,
				9FFEE4992A46F7F80071AE0D /* CategoryService.swift */,
				6866811B2A29D60600BC94E7 /* SectionType.swift */,
			);
			path = Model;
			sourceTree = "<group>";
		};
		F174F8042A42B69800D7B8DC /* View */ = {
			isa = PBXGroup;
			children = (
				68D810342A2867A000D29827 /* RestaurantCollectionViewCell.swift */,
				68D810362A286DB600D29827 /* SectionHeaderView.swift */,
				1D244F272A287588003BBFB8 /* PromoBannerCollectionViewCell.swift */,
				1D7564C82A28A44D00D31E19 /* CategoryCollectionViewCell.swift */,
				683AF7BC2A290625006469AD /* DeliveryHeaderView.swift */,
			);
			path = View;
			sourceTree = "<group>";
		};
		F174F8052A42B6BD00D7B8DC /* Controller */ = {
			isa = PBXGroup;
			children = (
				68C3EC352A27A31A009A0E02 /* MainViewController.swift */,
			);
			path = Controller;
			sourceTree = "<group>";
		};
		F187EADD2A263EFE00019242 /* EditProfile */ = {
			isa = PBXGroup;
			children = (
				F187EADE2A263F5E00019242 /* EditProfileViewController.swift */,
			);
			path = EditProfile;
			sourceTree = "<group>";
		};
/* End PBXGroup section */

/* Begin PBXNativeTarget section */
		CE15DD322A136D3A006F9968 /* maki-maki-iosTests */ = {
			isa = PBXNativeTarget;
			buildConfigurationList = CE15DD3B2A136D3A006F9968 /* Build configuration list for PBXNativeTarget "maki-maki-iosTests" */;
			buildPhases = (
				CE15DD2F2A136D3A006F9968 /* Sources */,
				CE15DD302A136D3A006F9968 /* Frameworks */,
				CE15DD312A136D3A006F9968 /* Resources */,
			);
			buildRules = (
			);
			dependencies = (
				CE15DD382A136D3A006F9968 /* PBXTargetDependency */,
			);
			name = "maki-maki-iosTests";
			productName = "maki-maki-iosTests";
			productReference = CE15DD332A136D3A006F9968 /* maki-maki-iosTests.xctest */;
			productType = "com.apple.product-type.bundle.unit-test";
		};
		CE96235E2A132B1A00C36D03 /* maki-maki-ios */ = {
			isa = PBXNativeTarget;
			buildConfigurationList = CE9623732A132B1C00C36D03 /* Build configuration list for PBXNativeTarget "maki-maki-ios" */;
			buildPhases = (
				BE528D8EB33F8292950BBED2 /* [CP] Check Pods Manifest.lock */,
				CE96235B2A132B1A00C36D03 /* Sources */,
				CE96235C2A132B1A00C36D03 /* Frameworks */,
				CE96235D2A132B1A00C36D03 /* Resources */,
				7720EEEF2A2384CE00A01669 /* ShellScript */,
				60F8746003A602B4AAB4E8F7 /* [CP] Embed Pods Frameworks */,
				9FED20CB2A2CA1FA00C6209E /* ShellScript */,
			);
			buildRules = (
			);
			dependencies = (
			);
			name = "maki-maki-ios";
			packageProductDependencies = (
				1D1C64012A448A4200DA83CF /* Kingfisher */,
			);
			productName = "maki-maki-ios";
			productReference = CE96235F2A132B1A00C36D03 /* maki-maki-ios.app */;
			productType = "com.apple.product-type.application";
		};
/* End PBXNativeTarget section */

/* Begin PBXProject section */
		CE9623572A132B1A00C36D03 /* Project object */ = {
			isa = PBXProject;
			attributes = {
				BuildIndependentTargetsInParallel = 1;
				LastSwiftUpdateCheck = 1430;
				LastUpgradeCheck = 1430;
				TargetAttributes = {
					CE15DD322A136D3A006F9968 = {
						CreatedOnToolsVersion = 14.3;
						TestTargetID = CE96235E2A132B1A00C36D03;
					};
					CE96235E2A132B1A00C36D03 = {
						CreatedOnToolsVersion = 14.3;
					};
				};
			};
			buildConfigurationList = CE96235A2A132B1A00C36D03 /* Build configuration list for PBXProject "maki-maki-ios" */;
			compatibilityVersion = "Xcode 14.0";
			developmentRegion = en;
			hasScannedForEncodings = 0;
			knownRegions = (
				en,
				Base,
			);
			mainGroup = CE9623562A132B1A00C36D03;
			packageReferences = (
				1D1C64002A448A4200DA83CF /* XCRemoteSwiftPackageReference "Kingfisher" */,
			);
			productRefGroup = CE9623602A132B1A00C36D03 /* Products */;
			projectDirPath = "";
			projectRoot = "";
			targets = (
				CE96235E2A132B1A00C36D03 /* maki-maki-ios */,
				CE15DD322A136D3A006F9968 /* maki-maki-iosTests */,
			);
		};
/* End PBXProject section */

/* Begin PBXResourcesBuildPhase section */
		CE15DD312A136D3A006F9968 /* Resources */ = {
			isa = PBXResourcesBuildPhase;
			buildActionMask = 2147483647;
			files = (
			);
			runOnlyForDeploymentPostprocessing = 0;
		};
		CE96235D2A132B1A00C36D03 /* Resources */ = {
			isa = PBXResourcesBuildPhase;
			buildActionMask = 2147483647;
			files = (
				CE96236F2A132B1C00C36D03 /* LaunchScreen.storyboard in Resources */,
				773A738A2A278D5E0029AA44 /* Inter-Bold.ttf in Resources */,
				773A738B2A278D5E0029AA44 /* Inter-Medium.ttf in Resources */,
				773A73862A27877C0029AA44 /* Colors.xcassets in Resources */,
				773A738E2A278DAA0029AA44 /* Inter-SemiBold.ttf in Resources */,
				CE96236C2A132B1C00C36D03 /* Assets.xcassets in Resources */,
				7720EEF02A23996100A01669 /* GoogleService-Info.plist in Resources */,
				773A738C2A278D5E0029AA44 /* Inter-Regular.ttf in Resources */,
			);
			runOnlyForDeploymentPostprocessing = 0;
		};
/* End PBXResourcesBuildPhase section */

/* Begin PBXShellScriptBuildPhase section */
		60F8746003A602B4AAB4E8F7 /* [CP] Embed Pods Frameworks */ = {
			isa = PBXShellScriptBuildPhase;
			buildActionMask = 2147483647;
			files = (
			);
			inputFileListPaths = (
				"${PODS_ROOT}/Target Support Files/Pods-maki-maki-ios/Pods-maki-maki-ios-frameworks-${CONFIGURATION}-input-files.xcfilelist",
			);
			name = "[CP] Embed Pods Frameworks";
			outputFileListPaths = (
				"${PODS_ROOT}/Target Support Files/Pods-maki-maki-ios/Pods-maki-maki-ios-frameworks-${CONFIGURATION}-output-files.xcfilelist",
			);
			runOnlyForDeploymentPostprocessing = 0;
			shellPath = /bin/sh;
			shellScript = "\"${PODS_ROOT}/Target Support Files/Pods-maki-maki-ios/Pods-maki-maki-ios-frameworks.sh\"\n";
			showEnvVarsInLog = 0;
		};
		7720EEEF2A2384CE00A01669 /* ShellScript */ = {
			isa = PBXShellScriptBuildPhase;
			buildActionMask = 8;
			files = (
			);
			inputFileListPaths = (
			);
			inputPaths = (
				"${DWARF_DSYM_FOLDER_PATH}/${DWARF_DSYM_FILE_NAME}/Contents/Resources/DWARF/${TARGET_NAME}",
				"$(SRCROOT)/$(BUILT_PRODUCTS_DIR)/$(INFOPLIST_PATH)",
			);
			outputFileListPaths = (
			);
			outputPaths = (
			);
			runOnlyForDeploymentPostprocessing = 1;
			shellPath = /bin/sh;
			shellScript = "\"${BUILD_DIR%/Build/*}/SourcePackages/checkouts/firebase-ios-sdk/Crashlytics/run\"\n";
		};
		9FED20CB2A2CA1FA00C6209E /* ShellScript */ = {
			isa = PBXShellScriptBuildPhase;
			buildActionMask = 2147483647;
			files = (
			);
			inputFileListPaths = (
			);
			inputPaths = (
			);
			outputFileListPaths = (
			);
			outputPaths = (
			);
			runOnlyForDeploymentPostprocessing = 0;
			shellPath = /bin/sh;
			shellScript = "\"${PODS_ROOT}/SwiftLint/swiftlint\"\n";
		};
		BE528D8EB33F8292950BBED2 /* [CP] Check Pods Manifest.lock */ = {
			isa = PBXShellScriptBuildPhase;
			buildActionMask = 12;
			files = (
			);
			inputFileListPaths = (
			);
			inputPaths = (
				"${PODS_PODFILE_DIR_PATH}/Podfile.lock",
				"${PODS_ROOT}/Manifest.lock",
			);
			name = "[CP] Check Pods Manifest.lock";
			outputFileListPaths = (
			);
			outputPaths = (
				"$(DERIVED_FILE_DIR)/Pods-maki-maki-ios-checkManifestLockResult.txt",
			);
			runOnlyForDeploymentPostprocessing = 0;
			shellPath = /bin/sh;
			shellScript = "diff \"${PODS_PODFILE_DIR_PATH}/Podfile.lock\" \"${PODS_ROOT}/Manifest.lock\" > /dev/null\nif [ $? != 0 ] ; then\n    # print error to STDERR\n    echo \"error: The sandbox is not in sync with the Podfile.lock. Run 'pod install' or update your CocoaPods installation.\" >&2\n    exit 1\nfi\n# This output is used by Xcode 'outputs' to avoid re-running this script phase.\necho \"SUCCESS\" > \"${SCRIPT_OUTPUT_FILE_0}\"\n";
			showEnvVarsInLog = 0;
		};
/* End PBXShellScriptBuildPhase section */

/* Begin PBXSourcesBuildPhase section */
		CE15DD2F2A136D3A006F9968 /* Sources */ = {
			isa = PBXSourcesBuildPhase;
			buildActionMask = 2147483647;
			files = (
				CE15DD362A136D3A006F9968 /* maki_maki_iosTests.swift in Sources */,
			);
			runOnlyForDeploymentPostprocessing = 0;
		};
		CE96235B2A132B1A00C36D03 /* Sources */ = {
			isa = PBXSourcesBuildPhase;
			buildActionMask = 2147483647;
			files = (
				F1725D762A30283F0072E258 /* OffersCellV2.swift in Sources */,
				27F53B742A2D04A500B42737 /* Logo.swift in Sources */,
				2781CD182A27C6AB00964A36 /* AccountCardsViewController.swift in Sources */,
				27F5212B2A309ECD0095A5EB /* ForgotPasswordViewController.swift in Sources */,
				26C63CC12A2F97F50095CF47 /* OrdersList.swift in Sources */,
				1D244F282A287588003BBFB8 /* PromoBannerCollectionViewCell.swift in Sources */,
				1D7EE2372A49938000E3756F /* SearchHistory.swift in Sources */,
				9F2380512A49C6AA0029A5DD /* RestaurantProduct.swift in Sources */,
				683AF7BD2A290625006469AD /* DeliveryHeaderView.swift in Sources */,
				9F61734B2A2E655B00299E56 /* DeliveryTableViewCell.swift in Sources */,
				773799302A36433800E2CF7F /* AuthEndpoint.swift in Sources */,
				689BC9082A2F4C8D008FD14F /* TabBar.swift in Sources */,
				9F2380582A49C6AA0029A5DD /* SectionProductsType.swift in Sources */,
				9F61734A2A2E655B00299E56 /* BasketViewController.swift in Sources */,
				F187EADF2A263F5E00019242 /* EditProfileViewController.swift in Sources */,
				0349DDEA2A3AD64800BACD4F /* PaymentsViewController.swift in Sources */,
				B41D60962A30ED3900ED3263 /* ResetPasswordViewController.swift in Sources */,
				9F2380562A49C6AA0029A5DD /* ProductSectionHeaderView.swift in Sources */,
				27943BE72A30870D003F3C7B /* ManegAdressesFooterView.swift in Sources */,
				1D6610CE2A43252D00F0F81B /* ProductService.swift in Sources */,
				9F2380532A49C6AA0029A5DD /* RestaurantHeaderView.swift in Sources */,
				0349DDEB2A3AD64800BACD4F /* ApplePayCardTableViewCell.swift in Sources */,
				26E279862A2F49CA0071863C /* OrdersTableHeaderView.swift in Sources */,
				773799362A36458C00E2CF7F /* StorageManager.swift in Sources */,
				27A1995C2A2D18AD00ED9096 /* SignUpViewController.swift in Sources */,
				9F61734C2A2E655B00299E56 /* ContainerViewController.swift in Sources */,
				26FC1D5C2A273626003BA971 /* OrdersCell.swift in Sources */,
				689BC9022A2F37AE008FD14F /* TabBarItem.swift in Sources */,
				0349DDF62A3BAC3100BACD4F /* PaymentMethodViewController.swift in Sources */,
				2789D5F32A2F6A300030A3B8 /* VerificationViewController.swift in Sources */,
				26C63CC52A332FA40095CF47 /* NoOrdersView.swift in Sources */,
				773799332A36439700E2CF7F /* NSError+Extensions.swift in Sources */,
				26C63CC52A332FA40095CF47 /* NoOrdersView.swift in Sources */,
				CE9623632A132B1A00C36D03 /* AppDelegate.swift in Sources */,
				0349DDF52A3BAC3100BACD4F /* PaymentMethodTableViewCell.swift in Sources */,
				27943BE92A308726003F3C7B /* Adress.swift in Sources */,
				689BC90A2A2F4D1A008FD14F /* TabBarController.swift in Sources */,
				1D26D70E2A34614D00C6DEF8 /* RecentSearchesTableViewCell.swift in Sources */,
				9F2380552A49C6AA0029A5DD /* RestaurantViewController.swift in Sources */,
				B423AD5F2A45680700B3AB7C /* AddCreditCardViewController.swift in Sources */,
				27F53B722A2D049700B42737 /* AccountListCell.swift in Sources */,
				27943BE32A3086DC003F3C7B /* ManageAdressesViewController.swift in Sources */,
				2620524B2A382EC900A2DC88 /* DishViewController.swift in Sources */,
				9F2380522A49C6AA0029A5DD /* RestaurantCharacteristic.swift in Sources */,
				9F61734D2A2E655B00299E56 /* BasketTableViewCell.swift in Sources */,
				9F2380572A49C6AA0029A5DD /* ProductCollectionViewCell.swift in Sources */,
				9F2380502A49C6AA0029A5DD /* RestaurantProductService.swift in Sources */,
				275F31252A31CFAB00E94CDC /* SignInViewController.swift in Sources */,
				686A30E32A4AD28400858781 /* GroupedProducts.swift in Sources */,
				773A73822A27841E0029AA44 /* AppFont.swift in Sources */,
				27943BE52A3086E9003F3C7B /* ManageAddressesCell.swift in Sources */,
				9FFEE49B2A46F7F80071AE0D /* CategoryService.swift in Sources */,
				0349DDEC2A3AD64800BACD4F /* PaymentsTableViewCell.swift in Sources */,
				274BB4E82A2864C400599092 /* WelcomePageVerTwoViewController.swift in Sources */,
				F1725D732A3027FC0072E258 /* OffersViewControllerV2.swift in Sources */,
				1D75FE9A2A2F563000D4DBF9 /* SearchResultTableViewCell.swift in Sources */,
				6866811C2A29D60600BC94E7 /* SectionType.swift in Sources */,
				1D7564C92A28A44D00D31E19 /* CategoryCollectionViewCell.swift in Sources */,
				689BC90C2A2F5087008FD14F /* Main2TabBarController.swift in Sources */,
				27F53B702A2D033400B42737 /* AccountListController.swift in Sources */,
				6810396D2A30CDC400162D74 /* TabBarSettings.swift in Sources */,
				773A737C2A2783A20029AA44 /* UIView+Extensions.swift in Sources */,
				1D75FE982A2F4CDB00D4DBF9 /* SearchV1ViewController.swift in Sources */,
				9FFEE49A2A46F7F80071AE0D /* CategoryModel.swift in Sources */,
				CE9623652A132B1A00C36D03 /* SceneDelegate.swift in Sources */,
				9F2380542A49C6AA0029A5DD /* RestaurantInfoView.swift in Sources */,
				261494F02A3A598800767D1B /* StepperView.swift in Sources */,
				773A737E2A27840F0029AA44 /* AppImage.swift in Sources */,
				260815B42A4A168300751BDC /* ReorderCell.swift in Sources */,
				68D810352A2867A000D29827 /* RestaurantCollectionViewCell.swift in Sources */,
				1D67E3C82A370BDD00C9E19B /* SearchContainerView.swift in Sources */,
				1D67E3C82A370BDD00C9E19B /* SearchContainerView.swift in Sources */,
				9F23804D2A49C6AA0029A5DD /* ProductCategoryCollectionViewCell.swift in Sources */,
				9F23804D2A49C6AA0029A5DD /* ProductCategoryCollectionViewCell.swift in Sources */,
				9F23804F2A49C6AA0029A5DD /* ViewCartContainer.swift in Sources */,
				68D810372A286DB600D29827 /* SectionHeaderView.swift in Sources */,
				F1725D502A2F07920072E258 /* OffersCell.swift in Sources */,
				037F16712A2F5E3700401843 /* FavoritesViewController.swift in Sources */,
				26E2798A2A2F5DE00071863C /* Order.swift in Sources */,
				773A73802A2784160029AA44 /* AppColor.swift in Sources */,
				274BB5102A2912FC00599092 /* WelcomePageVerOneViewController.swift in Sources */,
				1D6610CC2A43251F00F0F81B /* ProductModel.swift in Sources */,
				037F16732A3058CF00401843 /* FavoritesTableViewCell.swift in Sources */,
				9F23804C2A49C6AA0029A5DD /* CategoryMenuView.swift in Sources */,
				68C3EC362A27A31A009A0E02 /* MainViewController.swift in Sources */,
				9FFEE4A02A46F8D10071AE0D /* SnackBarController.swift in Sources */,
				F1725D4E2A2F072B0072E258 /* OffersViewController.swift in Sources */,
				773799382A3645E500E2CF7F /* UserDefaults+Extensions.swift in Sources */,
				2627DBBC2A2B103B007990B8 /* OrdersViewController.swift in Sources */,
			);
			runOnlyForDeploymentPostprocessing = 0;
		};
/* End PBXSourcesBuildPhase section */

/* Begin PBXTargetDependency section */
		CE15DD382A136D3A006F9968 /* PBXTargetDependency */ = {
			isa = PBXTargetDependency;
			target = CE96235E2A132B1A00C36D03 /* maki-maki-ios */;
			targetProxy = CE15DD372A136D3A006F9968 /* PBXContainerItemProxy */;
		};
/* End PBXTargetDependency section */

/* Begin PBXVariantGroup section */
		CE96236D2A132B1C00C36D03 /* LaunchScreen.storyboard */ = {
			isa = PBXVariantGroup;
			children = (
				CE96236E2A132B1C00C36D03 /* Base */,
			);
			name = LaunchScreen.storyboard;
			sourceTree = "<group>";
		};
/* End PBXVariantGroup section */

/* Begin XCBuildConfiguration section */
		CE15DD392A136D3A006F9968 /* Debug */ = {
			isa = XCBuildConfiguration;
			buildSettings = {
				BUNDLE_LOADER = "$(TEST_HOST)";
				CODE_SIGN_STYLE = Automatic;
				CURRENT_PROJECT_VERSION = 12;
				DEVELOPMENT_TEAM = N9HN46JWCK;
				GENERATE_INFOPLIST_FILE = YES;
				IPHONEOS_DEPLOYMENT_TARGET = 16.4;
				MACOSX_DEPLOYMENT_TARGET = 13.3;
				MARKETING_VERSION = 1.0;
				PRODUCT_BUNDLE_IDENTIFIER = "com.encodable.maki-maki-iosTests";
				PRODUCT_NAME = "$(TARGET_NAME)";
				SDKROOT = auto;
				SUPPORTED_PLATFORMS = "iphoneos iphonesimulator macosx";
				SWIFT_EMIT_LOC_STRINGS = NO;
				SWIFT_VERSION = 5.0;
				TARGETED_DEVICE_FAMILY = "1,2";
				TEST_HOST = "$(BUILT_PRODUCTS_DIR)/maki-maki-ios.app/$(BUNDLE_EXECUTABLE_FOLDER_PATH)/maki-maki-ios";
			};
			name = Debug;
		};
		CE15DD3A2A136D3A006F9968 /* Release */ = {
			isa = XCBuildConfiguration;
			buildSettings = {
				BUNDLE_LOADER = "$(TEST_HOST)";
				CODE_SIGN_STYLE = Automatic;
				CURRENT_PROJECT_VERSION = 12;
				DEVELOPMENT_TEAM = N9HN46JWCK;
				GENERATE_INFOPLIST_FILE = YES;
				IPHONEOS_DEPLOYMENT_TARGET = 16.4;
				MACOSX_DEPLOYMENT_TARGET = 13.3;
				MARKETING_VERSION = 1.0;
				PRODUCT_BUNDLE_IDENTIFIER = "com.encodable.maki-maki-iosTests";
				PRODUCT_NAME = "$(TARGET_NAME)";
				SDKROOT = auto;
				SUPPORTED_PLATFORMS = "iphoneos iphonesimulator macosx";
				SWIFT_EMIT_LOC_STRINGS = NO;
				SWIFT_VERSION = 5.0;
				TARGETED_DEVICE_FAMILY = "1,2";
				TEST_HOST = "$(BUILT_PRODUCTS_DIR)/maki-maki-ios.app/$(BUNDLE_EXECUTABLE_FOLDER_PATH)/maki-maki-ios";
			};
			name = Release;
		};
		CE9623712A132B1C00C36D03 /* Debug */ = {
			isa = XCBuildConfiguration;
			buildSettings = {
				ALWAYS_SEARCH_USER_PATHS = NO;
				CLANG_ANALYZER_NONNULL = YES;
				CLANG_ANALYZER_NUMBER_OBJECT_CONVERSION = YES_AGGRESSIVE;
				CLANG_CXX_LANGUAGE_STANDARD = "gnu++20";
				CLANG_ENABLE_MODULES = YES;
				CLANG_ENABLE_OBJC_ARC = YES;
				CLANG_ENABLE_OBJC_WEAK = YES;
				CLANG_WARN_BLOCK_CAPTURE_AUTORELEASING = YES;
				CLANG_WARN_BOOL_CONVERSION = YES;
				CLANG_WARN_COMMA = YES;
				CLANG_WARN_CONSTANT_CONVERSION = YES;
				CLANG_WARN_DEPRECATED_OBJC_IMPLEMENTATIONS = YES;
				CLANG_WARN_DIRECT_OBJC_ISA_USAGE = YES_ERROR;
				CLANG_WARN_DOCUMENTATION_COMMENTS = YES;
				CLANG_WARN_EMPTY_BODY = YES;
				CLANG_WARN_ENUM_CONVERSION = YES;
				CLANG_WARN_INFINITE_RECURSION = YES;
				CLANG_WARN_INT_CONVERSION = YES;
				CLANG_WARN_NON_LITERAL_NULL_CONVERSION = YES;
				CLANG_WARN_OBJC_IMPLICIT_RETAIN_SELF = YES;
				CLANG_WARN_OBJC_LITERAL_CONVERSION = YES;
				CLANG_WARN_OBJC_ROOT_CLASS = YES_ERROR;
				CLANG_WARN_QUOTED_INCLUDE_IN_FRAMEWORK_HEADER = YES;
				CLANG_WARN_RANGE_LOOP_ANALYSIS = YES;
				CLANG_WARN_STRICT_PROTOTYPES = YES;
				CLANG_WARN_SUSPICIOUS_MOVE = YES;
				CLANG_WARN_UNGUARDED_AVAILABILITY = YES_AGGRESSIVE;
				CLANG_WARN_UNREACHABLE_CODE = YES;
				CLANG_WARN__DUPLICATE_METHOD_MATCH = YES;
				COPY_PHASE_STRIP = NO;
				DEBUG_INFORMATION_FORMAT = "dwarf-with-dsym";
				ENABLE_STRICT_OBJC_MSGSEND = YES;
				ENABLE_TESTABILITY = YES;
				GCC_C_LANGUAGE_STANDARD = gnu11;
				GCC_DYNAMIC_NO_PIC = NO;
				GCC_NO_COMMON_BLOCKS = YES;
				GCC_OPTIMIZATION_LEVEL = 0;
				GCC_PREPROCESSOR_DEFINITIONS = (
					"DEBUG=1",
					"$(inherited)",
				);
				GCC_WARN_64_TO_32_BIT_CONVERSION = YES;
				GCC_WARN_ABOUT_RETURN_TYPE = YES_ERROR;
				GCC_WARN_UNDECLARED_SELECTOR = YES;
				GCC_WARN_UNINITIALIZED_AUTOS = YES_AGGRESSIVE;
				GCC_WARN_UNUSED_FUNCTION = YES;
				GCC_WARN_UNUSED_VARIABLE = YES;
				IPHONEOS_DEPLOYMENT_TARGET = 13.0;
				MTL_ENABLE_DEBUG_INFO = INCLUDE_SOURCE;
				MTL_FAST_MATH = YES;
				ONLY_ACTIVE_ARCH = YES;
				SDKROOT = iphoneos;
				SWIFT_ACTIVE_COMPILATION_CONDITIONS = DEBUG;
				SWIFT_OPTIMIZATION_LEVEL = "-Onone";
			};
			name = Debug;
		};
		CE9623722A132B1C00C36D03 /* Release */ = {
			isa = XCBuildConfiguration;
			buildSettings = {
				ALWAYS_SEARCH_USER_PATHS = NO;
				CLANG_ANALYZER_NONNULL = YES;
				CLANG_ANALYZER_NUMBER_OBJECT_CONVERSION = YES_AGGRESSIVE;
				CLANG_CXX_LANGUAGE_STANDARD = "gnu++20";
				CLANG_ENABLE_MODULES = YES;
				CLANG_ENABLE_OBJC_ARC = YES;
				CLANG_ENABLE_OBJC_WEAK = YES;
				CLANG_WARN_BLOCK_CAPTURE_AUTORELEASING = YES;
				CLANG_WARN_BOOL_CONVERSION = YES;
				CLANG_WARN_COMMA = YES;
				CLANG_WARN_CONSTANT_CONVERSION = YES;
				CLANG_WARN_DEPRECATED_OBJC_IMPLEMENTATIONS = YES;
				CLANG_WARN_DIRECT_OBJC_ISA_USAGE = YES_ERROR;
				CLANG_WARN_DOCUMENTATION_COMMENTS = YES;
				CLANG_WARN_EMPTY_BODY = YES;
				CLANG_WARN_ENUM_CONVERSION = YES;
				CLANG_WARN_INFINITE_RECURSION = YES;
				CLANG_WARN_INT_CONVERSION = YES;
				CLANG_WARN_NON_LITERAL_NULL_CONVERSION = YES;
				CLANG_WARN_OBJC_IMPLICIT_RETAIN_SELF = YES;
				CLANG_WARN_OBJC_LITERAL_CONVERSION = YES;
				CLANG_WARN_OBJC_ROOT_CLASS = YES_ERROR;
				CLANG_WARN_QUOTED_INCLUDE_IN_FRAMEWORK_HEADER = YES;
				CLANG_WARN_RANGE_LOOP_ANALYSIS = YES;
				CLANG_WARN_STRICT_PROTOTYPES = YES;
				CLANG_WARN_SUSPICIOUS_MOVE = YES;
				CLANG_WARN_UNGUARDED_AVAILABILITY = YES_AGGRESSIVE;
				CLANG_WARN_UNREACHABLE_CODE = YES;
				CLANG_WARN__DUPLICATE_METHOD_MATCH = YES;
				COPY_PHASE_STRIP = NO;
				DEBUG_INFORMATION_FORMAT = "dwarf-with-dsym";
				ENABLE_NS_ASSERTIONS = NO;
				ENABLE_STRICT_OBJC_MSGSEND = YES;
				GCC_C_LANGUAGE_STANDARD = gnu11;
				GCC_NO_COMMON_BLOCKS = YES;
				GCC_WARN_64_TO_32_BIT_CONVERSION = YES;
				GCC_WARN_ABOUT_RETURN_TYPE = YES_ERROR;
				GCC_WARN_UNDECLARED_SELECTOR = YES;
				GCC_WARN_UNINITIALIZED_AUTOS = YES_AGGRESSIVE;
				GCC_WARN_UNUSED_FUNCTION = YES;
				GCC_WARN_UNUSED_VARIABLE = YES;
				IPHONEOS_DEPLOYMENT_TARGET = 13.0;
				MTL_ENABLE_DEBUG_INFO = NO;
				MTL_FAST_MATH = YES;
				SDKROOT = iphoneos;
				SWIFT_COMPILATION_MODE = wholemodule;
				SWIFT_OPTIMIZATION_LEVEL = "-O";
				VALIDATE_PRODUCT = YES;
			};
			name = Release;
		};
		CE9623742A132B1C00C36D03 /* Debug */ = {
			isa = XCBuildConfiguration;
			baseConfigurationReference = 3877194306F35D65A193A10C /* Pods-maki-maki-ios.debug.xcconfig */;
			buildSettings = {
				ASSETCATALOG_COMPILER_APPICON_NAME = AppIcon;
				ASSETCATALOG_COMPILER_GLOBAL_ACCENT_COLOR_NAME = AccentColor;
				CODE_SIGN_IDENTITY = "Apple Development";
				CODE_SIGN_STYLE = Manual;
				CURRENT_PROJECT_VERSION = 12;
				DEBUG_INFORMATION_FORMAT = "dwarf-with-dsym";
				DEVELOPMENT_TEAM = "";
				GENERATE_INFOPLIST_FILE = YES;
				INFOPLIST_FILE = "maki-maki-ios/App Settings/Info.plist";
				INFOPLIST_KEY_CFBundleDisplayName = "Maki Maki";
				INFOPLIST_KEY_LSApplicationCategoryType = "public.app-category.food-and-drink";
				INFOPLIST_KEY_UIApplicationSupportsIndirectInputEvents = YES;
				INFOPLIST_KEY_UILaunchStoryboardName = LaunchScreen;
				INFOPLIST_KEY_UIMainStoryboardFile = "";
				INFOPLIST_KEY_UISupportedInterfaceOrientations = UIInterfaceOrientationPortrait;
				IPHONEOS_DEPLOYMENT_TARGET = 13.0;
				LD_RUNPATH_SEARCH_PATHS = (
					"$(inherited)",
					"@executable_path/Frameworks",
				);
				MARKETING_VERSION = 1.0;
				PRODUCT_BUNDLE_IDENTIFIER = kz.makimaki;
				PRODUCT_NAME = "$(TARGET_NAME)";
				PROVISIONING_PROFILE_SPECIFIER = "";
				SUPPORTED_PLATFORMS = "iphoneos iphonesimulator";
				SUPPORTS_MACCATALYST = NO;
				SUPPORTS_MAC_DESIGNED_FOR_IPHONE_IPAD = NO;
				SWIFT_EMIT_LOC_STRINGS = YES;
				SWIFT_VERSION = 5.0;
				TARGETED_DEVICE_FAMILY = 1;
			};
			name = Debug;
		};
		CE9623752A132B1C00C36D03 /* Release */ = {
			isa = XCBuildConfiguration;
			baseConfigurationReference = BEADB4B4DF4E567102412C80 /* Pods-maki-maki-ios.release.xcconfig */;
			buildSettings = {
				ASSETCATALOG_COMPILER_APPICON_NAME = AppIcon;
				ASSETCATALOG_COMPILER_GLOBAL_ACCENT_COLOR_NAME = AccentColor;
				CODE_SIGN_IDENTITY = "Apple Development";
				CODE_SIGN_STYLE = Manual;
				CURRENT_PROJECT_VERSION = 12;
				DEVELOPMENT_TEAM = "";
				GENERATE_INFOPLIST_FILE = YES;
				INFOPLIST_FILE = "maki-maki-ios/App Settings/Info.plist";
				INFOPLIST_KEY_CFBundleDisplayName = "Maki Maki";
				INFOPLIST_KEY_LSApplicationCategoryType = "public.app-category.food-and-drink";
				INFOPLIST_KEY_UIApplicationSupportsIndirectInputEvents = YES;
				INFOPLIST_KEY_UILaunchStoryboardName = LaunchScreen;
				INFOPLIST_KEY_UIMainStoryboardFile = "";
				INFOPLIST_KEY_UISupportedInterfaceOrientations = UIInterfaceOrientationPortrait;
				IPHONEOS_DEPLOYMENT_TARGET = 13.0;
				LD_RUNPATH_SEARCH_PATHS = (
					"$(inherited)",
					"@executable_path/Frameworks",
				);
				MARKETING_VERSION = 1.0;
				PRODUCT_BUNDLE_IDENTIFIER = kz.makimaki;
				PRODUCT_NAME = "$(TARGET_NAME)";
				PROVISIONING_PROFILE_SPECIFIER = "";
				SUPPORTED_PLATFORMS = "iphoneos iphonesimulator";
				SUPPORTS_MACCATALYST = NO;
				SUPPORTS_MAC_DESIGNED_FOR_IPHONE_IPAD = NO;
				SWIFT_EMIT_LOC_STRINGS = YES;
				SWIFT_VERSION = 5.0;
				TARGETED_DEVICE_FAMILY = 1;
			};
			name = Release;
		};
/* End XCBuildConfiguration section */

/* Begin XCConfigurationList section */
		CE15DD3B2A136D3A006F9968 /* Build configuration list for PBXNativeTarget "maki-maki-iosTests" */ = {
			isa = XCConfigurationList;
			buildConfigurations = (
				CE15DD392A136D3A006F9968 /* Debug */,
				CE15DD3A2A136D3A006F9968 /* Release */,
			);
			defaultConfigurationIsVisible = 0;
			defaultConfigurationName = Release;
		};
		CE96235A2A132B1A00C36D03 /* Build configuration list for PBXProject "maki-maki-ios" */ = {
			isa = XCConfigurationList;
			buildConfigurations = (
				CE9623712A132B1C00C36D03 /* Debug */,
				CE9623722A132B1C00C36D03 /* Release */,
			);
			defaultConfigurationIsVisible = 0;
			defaultConfigurationName = Release;
		};
		CE9623732A132B1C00C36D03 /* Build configuration list for PBXNativeTarget "maki-maki-ios" */ = {
			isa = XCConfigurationList;
			buildConfigurations = (
				CE9623742A132B1C00C36D03 /* Debug */,
				CE9623752A132B1C00C36D03 /* Release */,
			);
			defaultConfigurationIsVisible = 0;
			defaultConfigurationName = Release;
		};
/* End XCConfigurationList section */

/* Begin XCRemoteSwiftPackageReference section */
		1D1C64002A448A4200DA83CF /* XCRemoteSwiftPackageReference "Kingfisher" */ = {
			isa = XCRemoteSwiftPackageReference;
			repositoryURL = "https://github.com/onevcat/Kingfisher.git";
			requirement = {
				kind = upToNextMajorVersion;
				minimumVersion = 7.7.0;
			};
		};
/* End XCRemoteSwiftPackageReference section */

/* Begin XCSwiftPackageProductDependency section */
		1D1C64012A448A4200DA83CF /* Kingfisher */ = {
			isa = XCSwiftPackageProductDependency;
			package = 1D1C64002A448A4200DA83CF /* XCRemoteSwiftPackageReference "Kingfisher" */;
			productName = Kingfisher;
		};
/* End XCSwiftPackageProductDependency section */
	};
	rootObject = CE9623572A132B1A00C36D03 /* Project object */;
}
