// !$*UTF8*$!
{
	archiveVersion = 1;
	classes = {
	};
	objectVersion = 56;
	objects = {

/* Begin PBXBuildFile section */
		1D244F282A287588003BBFB8 /* PromoBannerCollectionViewCell.swift in Sources */ = {isa = PBXBuildFile; fileRef = 1D244F272A287588003BBFB8 /* PromoBannerCollectionViewCell.swift */; };
		1D7564C92A28A44D00D31E19 /* CategoryCollectionViewCell.swift in Sources */ = {isa = PBXBuildFile; fileRef = 1D7564C82A28A44D00D31E19 /* CategoryCollectionViewCell.swift */; };
		2627DBBC2A2B103B007990B8 /* OrdersViewController.swift in Sources */ = {isa = PBXBuildFile; fileRef = 2627DBBB2A2B103B007990B8 /* OrdersViewController.swift */; };
		26FC1D5C2A273626003BA971 /* OrdersCell.swift in Sources */ = {isa = PBXBuildFile; fileRef = 26FC1D5B2A273626003BA971 /* OrdersCell.swift */; };
		274486012A27B3F200F2FFBD /* UITextField+Extension.swift in Sources */ = {isa = PBXBuildFile; fileRef = 274486002A27B3F200F2FFBD /* UITextField+Extension.swift */; };
		274BB4E82A2864C400599092 /* WelcomePageVerTwoViewController.swift in Sources */ = {isa = PBXBuildFile; fileRef = 274485FE2A27B3D800F2FFBD /* WelcomePageVerTwoViewController.swift */; };
		274BB5102A2912FC00599092 /* WelcomePageVerOneViewController.swift in Sources */ = {isa = PBXBuildFile; fileRef = 274BB50F2A2912FC00599092 /* WelcomePageVerOneViewController.swift */; };
		2781CD182A27C6AB00964A36 /* AccountCardsViewController.swift in Sources */ = {isa = PBXBuildFile; fileRef = 2781CD172A27C6AA00964A36 /* AccountCardsViewController.swift */; };
		27F53B702A2D033400B42737 /* AccountListController.swift in Sources */ = {isa = PBXBuildFile; fileRef = 27F53B6F2A2D033400B42737 /* AccountListController.swift */; };
		280DA853EE7FE0FEE888F4BB /* Pods_maki_maki_ios.framework in Frameworks */ = {isa = PBXBuildFile; fileRef = 3B32FF32626E10EFCB6976BF /* Pods_maki_maki_ios.framework */; };
		68374CD92A2B439600B3DC89 /* MainTabbarController.swift in Sources */ = {isa = PBXBuildFile; fileRef = 68374CD82A2B439600B3DC89 /* MainTabbarController.swift */; };
		683AF7BD2A290625006469AD /* DeliveryHeaderView.swift in Sources */ = {isa = PBXBuildFile; fileRef = 683AF7BC2A290625006469AD /* DeliveryHeaderView.swift */; };
		6866811C2A29D60600BC94E7 /* SectionType.swift in Sources */ = {isa = PBXBuildFile; fileRef = 6866811B2A29D60600BC94E7 /* SectionType.swift */; };
		68C3EC362A27A31A009A0E02 /* MainViewController.swift in Sources */ = {isa = PBXBuildFile; fileRef = 68C3EC352A27A31A009A0E02 /* MainViewController.swift */; };
		68D810352A2867A000D29827 /* RestaurantCollectionViewCell.swift in Sources */ = {isa = PBXBuildFile; fileRef = 68D810342A2867A000D29827 /* RestaurantCollectionViewCell.swift */; };
		68D810372A286DB600D29827 /* SectionHeaderView.swift in Sources */ = {isa = PBXBuildFile; fileRef = 68D810362A286DB600D29827 /* SectionHeaderView.swift */; };
		7720EEF02A23996100A01669 /* GoogleService-Info.plist in Resources */ = {isa = PBXBuildFile; fileRef = 7720EEED2A2382FE00A01669 /* GoogleService-Info.plist */; };
		773A737C2A2783A20029AA44 /* UIView+Extensions.swift in Sources */ = {isa = PBXBuildFile; fileRef = 773A737B2A2783A20029AA44 /* UIView+Extensions.swift */; };
		773A737E2A27840F0029AA44 /* AppImage.swift in Sources */ = {isa = PBXBuildFile; fileRef = 773A737D2A27840F0029AA44 /* AppImage.swift */; };
		773A73802A2784160029AA44 /* AppColor.swift in Sources */ = {isa = PBXBuildFile; fileRef = 773A737F2A2784160029AA44 /* AppColor.swift */; };
		773A73822A27841E0029AA44 /* AppFont.swift in Sources */ = {isa = PBXBuildFile; fileRef = 773A73812A27841E0029AA44 /* AppFont.swift */; };
		773A73862A27877C0029AA44 /* Colors.xcassets in Resources */ = {isa = PBXBuildFile; fileRef = 773A73852A27877C0029AA44 /* Colors.xcassets */; };
		773A738A2A278D5E0029AA44 /* Inter-Bold.ttf in Resources */ = {isa = PBXBuildFile; fileRef = 773A73872A278D5E0029AA44 /* Inter-Bold.ttf */; };
		773A738B2A278D5E0029AA44 /* Inter-Medium.ttf in Resources */ = {isa = PBXBuildFile; fileRef = 773A73882A278D5E0029AA44 /* Inter-Medium.ttf */; };
		773A738C2A278D5E0029AA44 /* Inter-Regular.ttf in Resources */ = {isa = PBXBuildFile; fileRef = 773A73892A278D5E0029AA44 /* Inter-Regular.ttf */; };
		773A738E2A278DAA0029AA44 /* Inter-SemiBold.ttf in Resources */ = {isa = PBXBuildFile; fileRef = 773A738D2A278DAA0029AA44 /* Inter-SemiBold.ttf */; };
		CE15DD362A136D3A006F9968 /* maki_maki_iosTests.swift in Sources */ = {isa = PBXBuildFile; fileRef = CE15DD352A136D3A006F9968 /* maki_maki_iosTests.swift */; };
		CE9623632A132B1A00C36D03 /* AppDelegate.swift in Sources */ = {isa = PBXBuildFile; fileRef = CE9623622A132B1A00C36D03 /* AppDelegate.swift */; };
		CE9623652A132B1A00C36D03 /* SceneDelegate.swift in Sources */ = {isa = PBXBuildFile; fileRef = CE9623642A132B1A00C36D03 /* SceneDelegate.swift */; };
		CE9623672A132B1A00C36D03 /* ViewController.swift in Sources */ = {isa = PBXBuildFile; fileRef = CE9623662A132B1A00C36D03 /* ViewController.swift */; };
		CE96236C2A132B1C00C36D03 /* Assets.xcassets in Resources */ = {isa = PBXBuildFile; fileRef = CE96236B2A132B1C00C36D03 /* Assets.xcassets */; };
		CE96236F2A132B1C00C36D03 /* LaunchScreen.storyboard in Resources */ = {isa = PBXBuildFile; fileRef = CE96236D2A132B1C00C36D03 /* LaunchScreen.storyboard */; };
		F187EADF2A263F5E00019242 /* ProfileEditingViewController.swift in Sources */ = {isa = PBXBuildFile; fileRef = F187EADE2A263F5E00019242 /* ProfileEditingViewController.swift */; };
/* End PBXBuildFile section */

/* Begin PBXContainerItemProxy section */
		CE15DD372A136D3A006F9968 /* PBXContainerItemProxy */ = {
			isa = PBXContainerItemProxy;
			containerPortal = CE9623572A132B1A00C36D03 /* Project object */;
			proxyType = 1;
			remoteGlobalIDString = CE96235E2A132B1A00C36D03;
			remoteInfo = "maki-maki-ios";
		};
/* End PBXContainerItemProxy section */

/* Begin PBXFileReference section */
		1D244F272A287588003BBFB8 /* PromoBannerCollectionViewCell.swift */ = {isa = PBXFileReference; lastKnownFileType = sourcecode.swift; path = PromoBannerCollectionViewCell.swift; sourceTree = "<group>"; };
		1D7564C82A28A44D00D31E19 /* CategoryCollectionViewCell.swift */ = {isa = PBXFileReference; lastKnownFileType = sourcecode.swift; path = CategoryCollectionViewCell.swift; sourceTree = "<group>"; };
		2627DBBB2A2B103B007990B8 /* OrdersViewController.swift */ = {isa = PBXFileReference; lastKnownFileType = sourcecode.swift; path = OrdersViewController.swift; sourceTree = "<group>"; };
		26FC1D5B2A273626003BA971 /* OrdersCell.swift */ = {isa = PBXFileReference; lastKnownFileType = sourcecode.swift; path = OrdersCell.swift; sourceTree = "<group>"; };
		274485FE2A27B3D800F2FFBD /* WelcomePageVerTwoViewController.swift */ = {isa = PBXFileReference; lastKnownFileType = sourcecode.swift; path = WelcomePageVerTwoViewController.swift; sourceTree = "<group>"; };
		274486002A27B3F200F2FFBD /* UITextField+Extension.swift */ = {isa = PBXFileReference; lastKnownFileType = sourcecode.swift; path = "UITextField+Extension.swift"; sourceTree = "<group>"; };
		274BB50F2A2912FC00599092 /* WelcomePageVerOneViewController.swift */ = {isa = PBXFileReference; lastKnownFileType = sourcecode.swift; path = WelcomePageVerOneViewController.swift; sourceTree = "<group>"; };
		2781CD172A27C6AA00964A36 /* AccountCardsViewController.swift */ = {isa = PBXFileReference; fileEncoding = 4; lastKnownFileType = sourcecode.swift; path = AccountCardsViewController.swift; sourceTree = "<group>"; };
		27F53B6F2A2D033400B42737 /* AccountListController.swift */ = {isa = PBXFileReference; lastKnownFileType = sourcecode.swift; path = AccountListController.swift; sourceTree = "<group>"; };
		3877194306F35D65A193A10C /* Pods-maki-maki-ios.debug.xcconfig */ = {isa = PBXFileReference; includeInIndex = 1; lastKnownFileType = text.xcconfig; name = "Pods-maki-maki-ios.debug.xcconfig"; path = "Target Support Files/Pods-maki-maki-ios/Pods-maki-maki-ios.debug.xcconfig"; sourceTree = "<group>"; };
		3B32FF32626E10EFCB6976BF /* Pods_maki_maki_ios.framework */ = {isa = PBXFileReference; explicitFileType = wrapper.framework; includeInIndex = 0; path = Pods_maki_maki_ios.framework; sourceTree = BUILT_PRODUCTS_DIR; };
		68374CD82A2B439600B3DC89 /* MainTabbarController.swift */ = {isa = PBXFileReference; lastKnownFileType = sourcecode.swift; path = MainTabbarController.swift; sourceTree = "<group>"; };
		683AF7BC2A290625006469AD /* DeliveryHeaderView.swift */ = {isa = PBXFileReference; lastKnownFileType = sourcecode.swift; path = DeliveryHeaderView.swift; sourceTree = "<group>"; };
		6866811B2A29D60600BC94E7 /* SectionType.swift */ = {isa = PBXFileReference; lastKnownFileType = sourcecode.swift; path = SectionType.swift; sourceTree = "<group>"; };
		68C3EC352A27A31A009A0E02 /* MainViewController.swift */ = {isa = PBXFileReference; lastKnownFileType = sourcecode.swift; path = MainViewController.swift; sourceTree = "<group>"; };
		68D810342A2867A000D29827 /* RestaurantCollectionViewCell.swift */ = {isa = PBXFileReference; lastKnownFileType = sourcecode.swift; path = RestaurantCollectionViewCell.swift; sourceTree = "<group>"; };
		68D810362A286DB600D29827 /* SectionHeaderView.swift */ = {isa = PBXFileReference; lastKnownFileType = sourcecode.swift; path = SectionHeaderView.swift; sourceTree = "<group>"; };
		7720EEED2A2382FE00A01669 /* GoogleService-Info.plist */ = {isa = PBXFileReference; fileEncoding = 4; lastKnownFileType = text.plist.xml; path = "GoogleService-Info.plist"; sourceTree = "<group>"; };
		773A737B2A2783A20029AA44 /* UIView+Extensions.swift */ = {isa = PBXFileReference; lastKnownFileType = sourcecode.swift; path = "UIView+Extensions.swift"; sourceTree = "<group>"; };
		773A737D2A27840F0029AA44 /* AppImage.swift */ = {isa = PBXFileReference; lastKnownFileType = sourcecode.swift; path = AppImage.swift; sourceTree = "<group>"; };
		773A737F2A2784160029AA44 /* AppColor.swift */ = {isa = PBXFileReference; lastKnownFileType = sourcecode.swift; path = AppColor.swift; sourceTree = "<group>"; };
		773A73812A27841E0029AA44 /* AppFont.swift */ = {isa = PBXFileReference; lastKnownFileType = sourcecode.swift; path = AppFont.swift; sourceTree = "<group>"; };
		773A73852A27877C0029AA44 /* Colors.xcassets */ = {isa = PBXFileReference; lastKnownFileType = folder.assetcatalog; path = Colors.xcassets; sourceTree = "<group>"; };
		773A73872A278D5E0029AA44 /* Inter-Bold.ttf */ = {isa = PBXFileReference; lastKnownFileType = file; path = "Inter-Bold.ttf"; sourceTree = "<group>"; };
		773A73882A278D5E0029AA44 /* Inter-Medium.ttf */ = {isa = PBXFileReference; lastKnownFileType = file; path = "Inter-Medium.ttf"; sourceTree = "<group>"; };
		773A73892A278D5E0029AA44 /* Inter-Regular.ttf */ = {isa = PBXFileReference; lastKnownFileType = file; path = "Inter-Regular.ttf"; sourceTree = "<group>"; };
		773A738D2A278DAA0029AA44 /* Inter-SemiBold.ttf */ = {isa = PBXFileReference; lastKnownFileType = file; path = "Inter-SemiBold.ttf"; sourceTree = "<group>"; };
		BEADB4B4DF4E567102412C80 /* Pods-maki-maki-ios.release.xcconfig */ = {isa = PBXFileReference; includeInIndex = 1; lastKnownFileType = text.xcconfig; name = "Pods-maki-maki-ios.release.xcconfig"; path = "Target Support Files/Pods-maki-maki-ios/Pods-maki-maki-ios.release.xcconfig"; sourceTree = "<group>"; };
		CE15DD332A136D3A006F9968 /* maki-maki-iosTests.xctest */ = {isa = PBXFileReference; explicitFileType = wrapper.cfbundle; includeInIndex = 0; path = "maki-maki-iosTests.xctest"; sourceTree = BUILT_PRODUCTS_DIR; };
		CE15DD352A136D3A006F9968 /* maki_maki_iosTests.swift */ = {isa = PBXFileReference; lastKnownFileType = sourcecode.swift; path = maki_maki_iosTests.swift; sourceTree = "<group>"; };
		CE96235F2A132B1A00C36D03 /* maki-maki-ios.app */ = {isa = PBXFileReference; explicitFileType = wrapper.application; includeInIndex = 0; path = "maki-maki-ios.app"; sourceTree = BUILT_PRODUCTS_DIR; };
		CE9623622A132B1A00C36D03 /* AppDelegate.swift */ = {isa = PBXFileReference; lastKnownFileType = sourcecode.swift; path = AppDelegate.swift; sourceTree = "<group>"; };
		CE9623642A132B1A00C36D03 /* SceneDelegate.swift */ = {isa = PBXFileReference; lastKnownFileType = sourcecode.swift; path = SceneDelegate.swift; sourceTree = "<group>"; };
		CE9623662A132B1A00C36D03 /* ViewController.swift */ = {isa = PBXFileReference; lastKnownFileType = sourcecode.swift; path = ViewController.swift; sourceTree = "<group>"; };
		CE96236B2A132B1C00C36D03 /* Assets.xcassets */ = {isa = PBXFileReference; lastKnownFileType = folder.assetcatalog; path = Assets.xcassets; sourceTree = "<group>"; };
		CE96236E2A132B1C00C36D03 /* Base */ = {isa = PBXFileReference; lastKnownFileType = file.storyboard; name = Base; path = Base.lproj/LaunchScreen.storyboard; sourceTree = "<group>"; };
		CE9623702A132B1C00C36D03 /* Info.plist */ = {isa = PBXFileReference; lastKnownFileType = text.plist.xml; path = Info.plist; sourceTree = "<group>"; };
		F187EADE2A263F5E00019242 /* ProfileEditingViewController.swift */ = {isa = PBXFileReference; lastKnownFileType = sourcecode.swift; path = ProfileEditingViewController.swift; sourceTree = "<group>"; };
/* End PBXFileReference section */

/* Begin PBXFrameworksBuildPhase section */
		CE15DD302A136D3A006F9968 /* Frameworks */ = {
			isa = PBXFrameworksBuildPhase;
			buildActionMask = 2147483647;
			files = (
			);
			runOnlyForDeploymentPostprocessing = 0;
		};
		CE96235C2A132B1A00C36D03 /* Frameworks */ = {
			isa = PBXFrameworksBuildPhase;
			buildActionMask = 2147483647;
			files = (
				280DA853EE7FE0FEE888F4BB /* Pods_maki_maki_ios.framework in Frameworks */,
			);
			runOnlyForDeploymentPostprocessing = 0;
		};
/* End PBXFrameworksBuildPhase section */

/* Begin PBXGroup section */
		26FC1D542A264B1F003BA971 /* Orders */ = {
			isa = PBXGroup;
			children = (
				26FC1D5B2A273626003BA971 /* OrdersCell.swift */,
				2627DBBB2A2B103B007990B8 /* OrdersViewController.swift */,
			);
			path = Orders;
			sourceTree = "<group>";
		};
		274485FD2A27B3B400F2FFBD /* Registration */ = {
			isa = PBXGroup;
			children = (
				274485FE2A27B3D800F2FFBD /* WelcomePageVerTwoViewController.swift */,
				274486002A27B3F200F2FFBD /* UITextField+Extension.swift */,
				274BB50F2A2912FC00599092 /* WelcomePageVerOneViewController.swift */,
			);
			path = Registration;
			sourceTree = "<group>";
		};
		2781CD162A27C6AA00964A36 /* AccountCards */ = {
			isa = PBXGroup;
			children = (
				2781CD172A27C6AA00964A36 /* AccountCardsViewController.swift */,
			);
			path = AccountCards;
			sourceTree = "<group>";
		};
		27F53B6E2A2D030C00B42737 /* AccountList */ = {
			isa = PBXGroup;
			children = (
				27F53B6F2A2D033400B42737 /* AccountListController.swift */,
			);
			path = AccountList;
			sourceTree = "<group>";
		};
		327706A57B81CFE57F597C31 /* Frameworks */ = {
			isa = PBXGroup;
			children = (
				3B32FF32626E10EFCB6976BF /* Pods_maki_maki_ios.framework */,
			);
			name = Frameworks;
			sourceTree = "<group>";
		};
		3698B4DD150C043E97803E68 /* Pods */ = {
			isa = PBXGroup;
			children = (
				3877194306F35D65A193A10C /* Pods-maki-maki-ios.debug.xcconfig */,
				BEADB4B4DF4E567102412C80 /* Pods-maki-maki-ios.release.xcconfig */,
			);
			path = Pods;
			sourceTree = "<group>";
		};
		68374CD72A2B437800B3DC89 /* Tabbar */ = {
			isa = PBXGroup;
			children = (
				68374CD82A2B439600B3DC89 /* MainTabbarController.swift */,
			);
			path = Tabbar;
			sourceTree = "<group>";
		};
		68C3EC342A27A308009A0E02 /* MainPage */ = {
			isa = PBXGroup;
			children = (
				68C3EC352A27A31A009A0E02 /* MainViewController.swift */,
				68D810342A2867A000D29827 /* RestaurantCollectionViewCell.swift */,
				68D810362A286DB600D29827 /* SectionHeaderView.swift */,
				1D244F272A287588003BBFB8 /* PromoBannerCollectionViewCell.swift */,
				1D7564C82A28A44D00D31E19 /* CategoryCollectionViewCell.swift */,
				683AF7BC2A290625006469AD /* DeliveryHeaderView.swift */,
				6866811B2A29D60600BC94E7 /* SectionType.swift */,
			);
			path = MainPage;
			sourceTree = "<group>";
		};
		7720EEEA2A23806500A01669 /* Module */ = {
			isa = PBXGroup;
			children = (
				CE9623662A132B1A00C36D03 /* ViewController.swift */,
			);
			path = Module;
			sourceTree = "<group>";
		};
		773A73762A2783170029AA44 /* Helpers */ = {
			isa = PBXGroup;
			children = (
				773A73782A2783290029AA44 /* Resourses */,
				773A73772A27831D0029AA44 /* Extensions */,
			);
			path = Helpers;
			sourceTree = "<group>";
		};
		773A73772A27831D0029AA44 /* Extensions */ = {
			isa = PBXGroup;
			children = (
				9F541B8A2A2DC458004B3155 /* Foundation+Extensions */,
				9F541B892A2DC44A004B3155 /* UIKit+Extensions */,
			);
			path = Extensions;
			sourceTree = "<group>";
		};
		773A73782A2783290029AA44 /* Resourses */ = {
			isa = PBXGroup;
			children = (
				773A737A2A2783740029AA44 /* Fonts */,
				773A737D2A27840F0029AA44 /* AppImage.swift */,
				773A737F2A2784160029AA44 /* AppColor.swift */,
				773A73812A27841E0029AA44 /* AppFont.swift */,
			);
			path = Resourses;
			sourceTree = "<group>";
		};
		773A737A2A2783740029AA44 /* Fonts */ = {
			isa = PBXGroup;
			children = (
				773A73872A278D5E0029AA44 /* Inter-Bold.ttf */,
				773A738D2A278DAA0029AA44 /* Inter-SemiBold.ttf */,
				773A73882A278D5E0029AA44 /* Inter-Medium.ttf */,
				773A73892A278D5E0029AA44 /* Inter-Regular.ttf */,
			);
			path = Fonts;
			sourceTree = "<group>";
		};
		9F541B872A2DC3AD004B3155 /* Resources */ = {
			isa = PBXGroup;
			children = (
				CE96236B2A132B1C00C36D03 /* Assets.xcassets */,
				773A73852A27877C0029AA44 /* Colors.xcassets */,
			);
			path = Resources;
			sourceTree = "<group>";
		};
		9F541B882A2DC3BA004B3155 /* App Settings */ = {
			isa = PBXGroup;
			children = (
				CE9623702A132B1C00C36D03 /* Info.plist */,
				7720EEED2A2382FE00A01669 /* GoogleService-Info.plist */,
			);
			path = "App Settings";
			sourceTree = "<group>";
		};
		9F541B892A2DC44A004B3155 /* UIKit+Extensions */ = {
			isa = PBXGroup;
			children = (
				773A737B2A2783A20029AA44 /* UIView+Extensions.swift */,
			);
			path = "UIKit+Extensions";
			sourceTree = "<group>";
		};
		9F541B8A2A2DC458004B3155 /* Foundation+Extensions */ = {
			isa = PBXGroup;
			children = (
			);
			path = "Foundation+Extensions";
			sourceTree = "<group>";
		};
		CE15DD342A136D3A006F9968 /* maki-maki-iosTests */ = {
			isa = PBXGroup;
			children = (
				CE15DD352A136D3A006F9968 /* maki_maki_iosTests.swift */,
			);
			path = "maki-maki-iosTests";
			sourceTree = "<group>";
		};
		CE9623562A132B1A00C36D03 = {
			isa = PBXGroup;
			children = (
				CE9623612A132B1A00C36D03 /* maki-maki-ios */,
				CE15DD342A136D3A006F9968 /* maki-maki-iosTests */,
				CE9623602A132B1A00C36D03 /* Products */,
				3698B4DD150C043E97803E68 /* Pods */,
				327706A57B81CFE57F597C31 /* Frameworks */,
			);
			sourceTree = "<group>";
		};
		CE9623602A132B1A00C36D03 /* Products */ = {
			isa = PBXGroup;
			children = (
				CE96235F2A132B1A00C36D03 /* maki-maki-ios.app */,
				CE15DD332A136D3A006F9968 /* maki-maki-iosTests.xctest */,
			);
			name = Products;
			sourceTree = "<group>";
		};
		CE9623612A132B1A00C36D03 /* maki-maki-ios */ = {
			isa = PBXGroup;
			children = (
				27F53B6E2A2D030C00B42737 /* AccountList */,
				CE96236D2A132B1C00C36D03 /* LaunchScreen.storyboard */,
				CE9623622A132B1A00C36D03 /* AppDelegate.swift */,
				CE9623642A132B1A00C36D03 /* SceneDelegate.swift */,
				9F541B882A2DC3BA004B3155 /* App Settings */,
				9F541B872A2DC3AD004B3155 /* Resources */,
				773A73762A2783170029AA44 /* Helpers */,
				68374CD72A2B437800B3DC89 /* Tabbar */,
				2781CD162A27C6AA00964A36 /* AccountCards */,
				F187EADD2A263EFE00019242 /* EditingProfile */,
				274485FD2A27B3B400F2FFBD /* Registration */,
				68C3EC342A27A308009A0E02 /* MainPage */,
				26FC1D542A264B1F003BA971 /* Orders */,
				7720EEEA2A23806500A01669 /* Module */,
			);
			path = "maki-maki-ios";
			sourceTree = "<group>";
		};
		F187EADD2A263EFE00019242 /* EditingProfile */ = {
			isa = PBXGroup;
			children = (
				F187EADE2A263F5E00019242 /* ProfileEditingViewController.swift */,
			);
			path = EditingProfile;
			sourceTree = "<group>";
		};
/* End PBXGroup section */

/* Begin PBXNativeTarget section */
		CE15DD322A136D3A006F9968 /* maki-maki-iosTests */ = {
			isa = PBXNativeTarget;
			buildConfigurationList = CE15DD3B2A136D3A006F9968 /* Build configuration list for PBXNativeTarget "maki-maki-iosTests" */;
			buildPhases = (
				CE15DD2F2A136D3A006F9968 /* Sources */,
				CE15DD302A136D3A006F9968 /* Frameworks */,
				CE15DD312A136D3A006F9968 /* Resources */,
			);
			buildRules = (
			);
			dependencies = (
				CE15DD382A136D3A006F9968 /* PBXTargetDependency */,
			);
			name = "maki-maki-iosTests";
			productName = "maki-maki-iosTests";
			productReference = CE15DD332A136D3A006F9968 /* maki-maki-iosTests.xctest */;
			productType = "com.apple.product-type.bundle.unit-test";
		};
		CE96235E2A132B1A00C36D03 /* maki-maki-ios */ = {
			isa = PBXNativeTarget;
			buildConfigurationList = CE9623732A132B1C00C36D03 /* Build configuration list for PBXNativeTarget "maki-maki-ios" */;
			buildPhases = (
				BE528D8EB33F8292950BBED2 /* [CP] Check Pods Manifest.lock */,
				CE96235B2A132B1A00C36D03 /* Sources */,
				CE96235C2A132B1A00C36D03 /* Frameworks */,
				CE96235D2A132B1A00C36D03 /* Resources */,
				7720EEEF2A2384CE00A01669 /* ShellScript */,
				60F8746003A602B4AAB4E8F7 /* [CP] Embed Pods Frameworks */,
				9FED20CB2A2CA1FA00C6209E /* ShellScript */,
			);
			buildRules = (
			);
			dependencies = (
			);
			name = "maki-maki-ios";
			productName = "maki-maki-ios";
			productReference = CE96235F2A132B1A00C36D03 /* maki-maki-ios.app */;
			productType = "com.apple.product-type.application";
		};
/* End PBXNativeTarget section */

/* Begin PBXProject section */
		CE9623572A132B1A00C36D03 /* Project object */ = {
			isa = PBXProject;
			attributes = {
				BuildIndependentTargetsInParallel = 1;
				LastSwiftUpdateCheck = 1430;
				LastUpgradeCheck = 1430;
				TargetAttributes = {
					CE15DD322A136D3A006F9968 = {
						CreatedOnToolsVersion = 14.3;
						TestTargetID = CE96235E2A132B1A00C36D03;
					};
					CE96235E2A132B1A00C36D03 = {
						CreatedOnToolsVersion = 14.3;
					};
				};
			};
			buildConfigurationList = CE96235A2A132B1A00C36D03 /* Build configuration list for PBXProject "maki-maki-ios" */;
			compatibilityVersion = "Xcode 14.0";
			developmentRegion = en;
			hasScannedForEncodings = 0;
			knownRegions = (
				en,
				Base,
			);
			mainGroup = CE9623562A132B1A00C36D03;
			productRefGroup = CE9623602A132B1A00C36D03 /* Products */;
			projectDirPath = "";
			projectRoot = "";
			targets = (
				CE96235E2A132B1A00C36D03 /* maki-maki-ios */,
				CE15DD322A136D3A006F9968 /* maki-maki-iosTests */,
			);
		};
/* End PBXProject section */

/* Begin PBXResourcesBuildPhase section */
		CE15DD312A136D3A006F9968 /* Resources */ = {
			isa = PBXResourcesBuildPhase;
			buildActionMask = 2147483647;
			files = (
			);
			runOnlyForDeploymentPostprocessing = 0;
		};
		CE96235D2A132B1A00C36D03 /* Resources */ = {
			isa = PBXResourcesBuildPhase;
			buildActionMask = 2147483647;
			files = (
				CE96236F2A132B1C00C36D03 /* LaunchScreen.storyboard in Resources */,
				773A738A2A278D5E0029AA44 /* Inter-Bold.ttf in Resources */,
				773A738B2A278D5E0029AA44 /* Inter-Medium.ttf in Resources */,
				773A73862A27877C0029AA44 /* Colors.xcassets in Resources */,
				773A738E2A278DAA0029AA44 /* Inter-SemiBold.ttf in Resources */,
				CE96236C2A132B1C00C36D03 /* Assets.xcassets in Resources */,
				7720EEF02A23996100A01669 /* GoogleService-Info.plist in Resources */,
				773A738C2A278D5E0029AA44 /* Inter-Regular.ttf in Resources */,
			);
			runOnlyForDeploymentPostprocessing = 0;
		};
/* End PBXResourcesBuildPhase section */

/* Begin PBXShellScriptBuildPhase section */
		60F8746003A602B4AAB4E8F7 /* [CP] Embed Pods Frameworks */ = {
			isa = PBXShellScriptBuildPhase;
			buildActionMask = 2147483647;
			files = (
			);
			inputFileListPaths = (
				"${PODS_ROOT}/Target Support Files/Pods-maki-maki-ios/Pods-maki-maki-ios-frameworks-${CONFIGURATION}-input-files.xcfilelist",
			);
			name = "[CP] Embed Pods Frameworks";
			outputFileListPaths = (
				"${PODS_ROOT}/Target Support Files/Pods-maki-maki-ios/Pods-maki-maki-ios-frameworks-${CONFIGURATION}-output-files.xcfilelist",
			);
			runOnlyForDeploymentPostprocessing = 0;
			shellPath = /bin/sh;
			shellScript = "\"${PODS_ROOT}/Target Support Files/Pods-maki-maki-ios/Pods-maki-maki-ios-frameworks.sh\"\n";
			showEnvVarsInLog = 0;
		};
		7720EEEF2A2384CE00A01669 /* ShellScript */ = {
			isa = PBXShellScriptBuildPhase;
			buildActionMask = 8;
			files = (
			);
			inputFileListPaths = (
			);
			inputPaths = (
				"${DWARF_DSYM_FOLDER_PATH}/${DWARF_DSYM_FILE_NAME}/Contents/Resources/DWARF/${TARGET_NAME}",
				"$(SRCROOT)/$(BUILT_PRODUCTS_DIR)/$(INFOPLIST_PATH)",
			);
			outputFileListPaths = (
			);
			outputPaths = (
			);
			runOnlyForDeploymentPostprocessing = 1;
			shellPath = /bin/sh;
			shellScript = "\"${BUILD_DIR%/Build/*}/SourcePackages/checkouts/firebase-ios-sdk/Crashlytics/run\"\n";
		};
		9FED20CB2A2CA1FA00C6209E /* ShellScript */ = {
			isa = PBXShellScriptBuildPhase;
			buildActionMask = 2147483647;
			files = (
			);
			inputFileListPaths = (
			);
			inputPaths = (
			);
			outputFileListPaths = (
			);
			outputPaths = (
			);
			runOnlyForDeploymentPostprocessing = 0;
			shellPath = /bin/sh;
			shellScript = "\"${PODS_ROOT}/SwiftLint/swiftlint\"\n";
		};
		BE528D8EB33F8292950BBED2 /* [CP] Check Pods Manifest.lock */ = {
			isa = PBXShellScriptBuildPhase;
			buildActionMask = 12;
			files = (
			);
			inputFileListPaths = (
			);
			inputPaths = (
				"${PODS_PODFILE_DIR_PATH}/Podfile.lock",
				"${PODS_ROOT}/Manifest.lock",
			);
			name = "[CP] Check Pods Manifest.lock";
			outputFileListPaths = (
			);
			outputPaths = (
				"$(DERIVED_FILE_DIR)/Pods-maki-maki-ios-checkManifestLockResult.txt",
			);
			runOnlyForDeploymentPostprocessing = 0;
			shellPath = /bin/sh;
			shellScript = "diff \"${PODS_PODFILE_DIR_PATH}/Podfile.lock\" \"${PODS_ROOT}/Manifest.lock\" > /dev/null\nif [ $? != 0 ] ; then\n    # print error to STDERR\n    echo \"error: The sandbox is not in sync with the Podfile.lock. Run 'pod install' or update your CocoaPods installation.\" >&2\n    exit 1\nfi\n# This output is used by Xcode 'outputs' to avoid re-running this script phase.\necho \"SUCCESS\" > \"${SCRIPT_OUTPUT_FILE_0}\"\n";
			showEnvVarsInLog = 0;
		};
/* End PBXShellScriptBuildPhase section */

/* Begin PBXSourcesBuildPhase section */
		CE15DD2F2A136D3A006F9968 /* Sources */ = {
			isa = PBXSourcesBuildPhase;
			buildActionMask = 2147483647;
			files = (
				CE15DD362A136D3A006F9968 /* maki_maki_iosTests.swift in Sources */,
			);
			runOnlyForDeploymentPostprocessing = 0;
		};
		CE96235B2A132B1A00C36D03 /* Sources */ = {
			isa = PBXSourcesBuildPhase;
			buildActionMask = 2147483647;
			files = (
				2781CD182A27C6AB00964A36 /* AccountCardsViewController.swift in Sources */,
				1D244F282A287588003BBFB8 /* PromoBannerCollectionViewCell.swift in Sources */,
				683AF7BD2A290625006469AD /* DeliveryHeaderView.swift in Sources */,
				CE9623672A132B1A00C36D03 /* ViewController.swift in Sources */,
				F187EADF2A263F5E00019242 /* ProfileEditingViewController.swift in Sources */,
				274486012A27B3F200F2FFBD /* UITextField+Extension.swift in Sources */,
				68374CD92A2B439600B3DC89 /* MainTabbarController.swift in Sources */,
				26FC1D5C2A273626003BA971 /* OrdersCell.swift in Sources */,
				CE9623632A132B1A00C36D03 /* AppDelegate.swift in Sources */,
				773A73822A27841E0029AA44 /* AppFont.swift in Sources */,
				274BB4E82A2864C400599092 /* WelcomePageVerTwoViewController.swift in Sources */,
				6866811C2A29D60600BC94E7 /* SectionType.swift in Sources */,
				1D7564C92A28A44D00D31E19 /* CategoryCollectionViewCell.swift in Sources */,
				27F53B702A2D033400B42737 /* AccountListController.swift in Sources */,
				773A737C2A2783A20029AA44 /* UIView+Extensions.swift in Sources */,
				CE9623652A132B1A00C36D03 /* SceneDelegate.swift in Sources */,
				773A737E2A27840F0029AA44 /* AppImage.swift in Sources */,
				68D810352A2867A000D29827 /* RestaurantCollectionViewCell.swift in Sources */,
				68D810372A286DB600D29827 /* SectionHeaderView.swift in Sources */,
				773A73802A2784160029AA44 /* AppColor.swift in Sources */,
				274BB5102A2912FC00599092 /* WelcomePageVerOneViewController.swift in Sources */,
				68C3EC362A27A31A009A0E02 /* MainViewController.swift in Sources */,
				2627DBBC2A2B103B007990B8 /* OrdersViewController.swift in Sources */,
			);
			runOnlyForDeploymentPostprocessing = 0;
		};
/* End PBXSourcesBuildPhase section */

/* Begin PBXTargetDependency section */
		CE15DD382A136D3A006F9968 /* PBXTargetDependency */ = {
			isa = PBXTargetDependency;
			target = CE96235E2A132B1A00C36D03 /* maki-maki-ios */;
			targetProxy = CE15DD372A136D3A006F9968 /* PBXContainerItemProxy */;
		};
/* End PBXTargetDependency section */

/* Begin PBXVariantGroup section */
		CE96236D2A132B1C00C36D03 /* LaunchScreen.storyboard */ = {
			isa = PBXVariantGroup;
			children = (
				CE96236E2A132B1C00C36D03 /* Base */,
			);
			name = LaunchScreen.storyboard;
			sourceTree = "<group>";
		};
/* End PBXVariantGroup section */

/* Begin XCBuildConfiguration section */
		CE15DD392A136D3A006F9968 /* Debug */ = {
			isa = XCBuildConfiguration;
			buildSettings = {
				BUNDLE_LOADER = "$(TEST_HOST)";
				CODE_SIGN_STYLE = Automatic;
				CURRENT_PROJECT_VERSION = 12;
				DEVELOPMENT_TEAM = N9HN46JWCK;
				GENERATE_INFOPLIST_FILE = YES;
				IPHONEOS_DEPLOYMENT_TARGET = 16.4;
				MACOSX_DEPLOYMENT_TARGET = 13.3;
				MARKETING_VERSION = 1.0;
				PRODUCT_BUNDLE_IDENTIFIER = "com.encodable.maki-maki-iosTests";
				PRODUCT_NAME = "$(TARGET_NAME)";
				SDKROOT = auto;
				SUPPORTED_PLATFORMS = "iphoneos iphonesimulator macosx";
				SWIFT_EMIT_LOC_STRINGS = NO;
				SWIFT_VERSION = 5.0;
				TARGETED_DEVICE_FAMILY = "1,2";
				TEST_HOST = "$(BUILT_PRODUCTS_DIR)/maki-maki-ios.app/$(BUNDLE_EXECUTABLE_FOLDER_PATH)/maki-maki-ios";
			};
			name = Debug;
		};
		CE15DD3A2A136D3A006F9968 /* Release */ = {
			isa = XCBuildConfiguration;
			buildSettings = {
				BUNDLE_LOADER = "$(TEST_HOST)";
				CODE_SIGN_STYLE = Automatic;
				CURRENT_PROJECT_VERSION = 12;
				DEVELOPMENT_TEAM = N9HN46JWCK;
				GENERATE_INFOPLIST_FILE = YES;
				IPHONEOS_DEPLOYMENT_TARGET = 16.4;
				MACOSX_DEPLOYMENT_TARGET = 13.3;
				MARKETING_VERSION = 1.0;
				PRODUCT_BUNDLE_IDENTIFIER = "com.encodable.maki-maki-iosTests";
				PRODUCT_NAME = "$(TARGET_NAME)";
				SDKROOT = auto;
				SUPPORTED_PLATFORMS = "iphoneos iphonesimulator macosx";
				SWIFT_EMIT_LOC_STRINGS = NO;
				SWIFT_VERSION = 5.0;
				TARGETED_DEVICE_FAMILY = "1,2";
				TEST_HOST = "$(BUILT_PRODUCTS_DIR)/maki-maki-ios.app/$(BUNDLE_EXECUTABLE_FOLDER_PATH)/maki-maki-ios";
			};
			name = Release;
		};
		CE9623712A132B1C00C36D03 /* Debug */ = {
			isa = XCBuildConfiguration;
			buildSettings = {
				ALWAYS_SEARCH_USER_PATHS = NO;
				CLANG_ANALYZER_NONNULL = YES;
				CLANG_ANALYZER_NUMBER_OBJECT_CONVERSION = YES_AGGRESSIVE;
				CLANG_CXX_LANGUAGE_STANDARD = "gnu++20";
				CLANG_ENABLE_MODULES = YES;
				CLANG_ENABLE_OBJC_ARC = YES;
				CLANG_ENABLE_OBJC_WEAK = YES;
				CLANG_WARN_BLOCK_CAPTURE_AUTORELEASING = YES;
				CLANG_WARN_BOOL_CONVERSION = YES;
				CLANG_WARN_COMMA = YES;
				CLANG_WARN_CONSTANT_CONVERSION = YES;
				CLANG_WARN_DEPRECATED_OBJC_IMPLEMENTATIONS = YES;
				CLANG_WARN_DIRECT_OBJC_ISA_USAGE = YES_ERROR;
				CLANG_WARN_DOCUMENTATION_COMMENTS = YES;
				CLANG_WARN_EMPTY_BODY = YES;
				CLANG_WARN_ENUM_CONVERSION = YES;
				CLANG_WARN_INFINITE_RECURSION = YES;
				CLANG_WARN_INT_CONVERSION = YES;
				CLANG_WARN_NON_LITERAL_NULL_CONVERSION = YES;
				CLANG_WARN_OBJC_IMPLICIT_RETAIN_SELF = YES;
				CLANG_WARN_OBJC_LITERAL_CONVERSION = YES;
				CLANG_WARN_OBJC_ROOT_CLASS = YES_ERROR;
				CLANG_WARN_QUOTED_INCLUDE_IN_FRAMEWORK_HEADER = YES;
				CLANG_WARN_RANGE_LOOP_ANALYSIS = YES;
				CLANG_WARN_STRICT_PROTOTYPES = YES;
				CLANG_WARN_SUSPICIOUS_MOVE = YES;
				CLANG_WARN_UNGUARDED_AVAILABILITY = YES_AGGRESSIVE;
				CLANG_WARN_UNREACHABLE_CODE = YES;
				CLANG_WARN__DUPLICATE_METHOD_MATCH = YES;
				COPY_PHASE_STRIP = NO;
				DEBUG_INFORMATION_FORMAT = "dwarf-with-dsym";
				ENABLE_STRICT_OBJC_MSGSEND = YES;
				ENABLE_TESTABILITY = YES;
				GCC_C_LANGUAGE_STANDARD = gnu11;
				GCC_DYNAMIC_NO_PIC = NO;
				GCC_NO_COMMON_BLOCKS = YES;
				GCC_OPTIMIZATION_LEVEL = 0;
				GCC_PREPROCESSOR_DEFINITIONS = (
					"DEBUG=1",
					"$(inherited)",
				);
				GCC_WARN_64_TO_32_BIT_CONVERSION = YES;
				GCC_WARN_ABOUT_RETURN_TYPE = YES_ERROR;
				GCC_WARN_UNDECLARED_SELECTOR = YES;
				GCC_WARN_UNINITIALIZED_AUTOS = YES_AGGRESSIVE;
				GCC_WARN_UNUSED_FUNCTION = YES;
				GCC_WARN_UNUSED_VARIABLE = YES;
				IPHONEOS_DEPLOYMENT_TARGET = 16.4;
				MTL_ENABLE_DEBUG_INFO = INCLUDE_SOURCE;
				MTL_FAST_MATH = YES;
				ONLY_ACTIVE_ARCH = YES;
				SDKROOT = iphoneos;
				SWIFT_ACTIVE_COMPILATION_CONDITIONS = DEBUG;
				SWIFT_OPTIMIZATION_LEVEL = "-Onone";
			};
			name = Debug;
		};
		CE9623722A132B1C00C36D03 /* Release */ = {
			isa = XCBuildConfiguration;
			buildSettings = {
				ALWAYS_SEARCH_USER_PATHS = NO;
				CLANG_ANALYZER_NONNULL = YES;
				CLANG_ANALYZER_NUMBER_OBJECT_CONVERSION = YES_AGGRESSIVE;
				CLANG_CXX_LANGUAGE_STANDARD = "gnu++20";
				CLANG_ENABLE_MODULES = YES;
				CLANG_ENABLE_OBJC_ARC = YES;
				CLANG_ENABLE_OBJC_WEAK = YES;
				CLANG_WARN_BLOCK_CAPTURE_AUTORELEASING = YES;
				CLANG_WARN_BOOL_CONVERSION = YES;
				CLANG_WARN_COMMA = YES;
				CLANG_WARN_CONSTANT_CONVERSION = YES;
				CLANG_WARN_DEPRECATED_OBJC_IMPLEMENTATIONS = YES;
				CLANG_WARN_DIRECT_OBJC_ISA_USAGE = YES_ERROR;
				CLANG_WARN_DOCUMENTATION_COMMENTS = YES;
				CLANG_WARN_EMPTY_BODY = YES;
				CLANG_WARN_ENUM_CONVERSION = YES;
				CLANG_WARN_INFINITE_RECURSION = YES;
				CLANG_WARN_INT_CONVERSION = YES;
				CLANG_WARN_NON_LITERAL_NULL_CONVERSION = YES;
				CLANG_WARN_OBJC_IMPLICIT_RETAIN_SELF = YES;
				CLANG_WARN_OBJC_LITERAL_CONVERSION = YES;
				CLANG_WARN_OBJC_ROOT_CLASS = YES_ERROR;
				CLANG_WARN_QUOTED_INCLUDE_IN_FRAMEWORK_HEADER = YES;
				CLANG_WARN_RANGE_LOOP_ANALYSIS = YES;
				CLANG_WARN_STRICT_PROTOTYPES = YES;
				CLANG_WARN_SUSPICIOUS_MOVE = YES;
				CLANG_WARN_UNGUARDED_AVAILABILITY = YES_AGGRESSIVE;
				CLANG_WARN_UNREACHABLE_CODE = YES;
				CLANG_WARN__DUPLICATE_METHOD_MATCH = YES;
				COPY_PHASE_STRIP = NO;
				DEBUG_INFORMATION_FORMAT = "dwarf-with-dsym";
				ENABLE_NS_ASSERTIONS = NO;
				ENABLE_STRICT_OBJC_MSGSEND = YES;
				GCC_C_LANGUAGE_STANDARD = gnu11;
				GCC_NO_COMMON_BLOCKS = YES;
				GCC_WARN_64_TO_32_BIT_CONVERSION = YES;
				GCC_WARN_ABOUT_RETURN_TYPE = YES_ERROR;
				GCC_WARN_UNDECLARED_SELECTOR = YES;
				GCC_WARN_UNINITIALIZED_AUTOS = YES_AGGRESSIVE;
				GCC_WARN_UNUSED_FUNCTION = YES;
				GCC_WARN_UNUSED_VARIABLE = YES;
				IPHONEOS_DEPLOYMENT_TARGET = 16.4;
				MTL_ENABLE_DEBUG_INFO = NO;
				MTL_FAST_MATH = YES;
				SDKROOT = iphoneos;
				SWIFT_COMPILATION_MODE = wholemodule;
				SWIFT_OPTIMIZATION_LEVEL = "-O";
				VALIDATE_PRODUCT = YES;
			};
			name = Release;
		};
		CE9623742A132B1C00C36D03 /* Debug */ = {
			isa = XCBuildConfiguration;
			baseConfigurationReference = 3877194306F35D65A193A10C /* Pods-maki-maki-ios.debug.xcconfig */;
			buildSettings = {
				ASSETCATALOG_COMPILER_APPICON_NAME = AppIcon;
				ASSETCATALOG_COMPILER_GLOBAL_ACCENT_COLOR_NAME = AccentColor;
				CODE_SIGN_IDENTITY = "Apple Development";
				CODE_SIGN_STYLE = Automatic;
				CURRENT_PROJECT_VERSION = 12;
				DEBUG_INFORMATION_FORMAT = "dwarf-with-dsym";
				DEVELOPMENT_TEAM = N9HN46JWCK;
				GENERATE_INFOPLIST_FILE = YES;
				INFOPLIST_FILE = "maki-maki-ios/App Settings/Info.plist";
				INFOPLIST_KEY_CFBundleDisplayName = "Maki Maki";
				INFOPLIST_KEY_LSApplicationCategoryType = "public.app-category.food-and-drink";
				INFOPLIST_KEY_UIApplicationSupportsIndirectInputEvents = YES;
				INFOPLIST_KEY_UILaunchStoryboardName = LaunchScreen;
				INFOPLIST_KEY_UIMainStoryboardFile = "";
				INFOPLIST_KEY_UISupportedInterfaceOrientations = UIInterfaceOrientationPortrait;
				IPHONEOS_DEPLOYMENT_TARGET = 13.0;
				LD_RUNPATH_SEARCH_PATHS = (
					"$(inherited)",
					"@executable_path/Frameworks",
				);
				MARKETING_VERSION = 1.0;
				PRODUCT_BUNDLE_IDENTIFIER = "com.maki-maki-ios";
				PRODUCT_NAME = "$(TARGET_NAME)";
				PROVISIONING_PROFILE_SPECIFIER = "";
				SUPPORTED_PLATFORMS = "iphoneos iphonesimulator";
				SUPPORTS_MACCATALYST = NO;
				SUPPORTS_MAC_DESIGNED_FOR_IPHONE_IPAD = NO;
				SWIFT_EMIT_LOC_STRINGS = YES;
				SWIFT_VERSION = 5.0;
				TARGETED_DEVICE_FAMILY = 1;
			};
			name = Debug;
		};
		CE9623752A132B1C00C36D03 /* Release */ = {
			isa = XCBuildConfiguration;
			baseConfigurationReference = BEADB4B4DF4E567102412C80 /* Pods-maki-maki-ios.release.xcconfig */;
			buildSettings = {
				ASSETCATALOG_COMPILER_APPICON_NAME = AppIcon;
				ASSETCATALOG_COMPILER_GLOBAL_ACCENT_COLOR_NAME = AccentColor;
				CODE_SIGN_IDENTITY = "Apple Development";
				CODE_SIGN_STYLE = Automatic;
				CURRENT_PROJECT_VERSION = 12;
				DEVELOPMENT_TEAM = N9HN46JWCK;
				GENERATE_INFOPLIST_FILE = YES;
				INFOPLIST_FILE = "maki-maki-ios/App Settings/Info.plist";
				INFOPLIST_KEY_CFBundleDisplayName = "Maki Maki";
				INFOPLIST_KEY_LSApplicationCategoryType = "public.app-category.food-and-drink";
				INFOPLIST_KEY_UIApplicationSupportsIndirectInputEvents = YES;
				INFOPLIST_KEY_UILaunchStoryboardName = LaunchScreen;
				INFOPLIST_KEY_UIMainStoryboardFile = "";
				INFOPLIST_KEY_UISupportedInterfaceOrientations = UIInterfaceOrientationPortrait;
				IPHONEOS_DEPLOYMENT_TARGET = 13.0;
				LD_RUNPATH_SEARCH_PATHS = (
					"$(inherited)",
					"@executable_path/Frameworks",
				);
				MARKETING_VERSION = 1.0;
				PRODUCT_BUNDLE_IDENTIFIER = "com.maki-maki-ios";
				PRODUCT_NAME = "$(TARGET_NAME)";
				PROVISIONING_PROFILE_SPECIFIER = "";
				SUPPORTED_PLATFORMS = "iphoneos iphonesimulator";
				SUPPORTS_MACCATALYST = NO;
				SUPPORTS_MAC_DESIGNED_FOR_IPHONE_IPAD = NO;
				SWIFT_EMIT_LOC_STRINGS = YES;
				SWIFT_VERSION = 5.0;
				TARGETED_DEVICE_FAMILY = 1;
			};
			name = Release;
		};
/* End XCBuildConfiguration section */

/* Begin XCConfigurationList section */
		CE15DD3B2A136D3A006F9968 /* Build configuration list for PBXNativeTarget "maki-maki-iosTests" */ = {
			isa = XCConfigurationList;
			buildConfigurations = (
				CE15DD392A136D3A006F9968 /* Debug */,
				CE15DD3A2A136D3A006F9968 /* Release */,
			);
			defaultConfigurationIsVisible = 0;
			defaultConfigurationName = Release;
		};
		CE96235A2A132B1A00C36D03 /* Build configuration list for PBXProject "maki-maki-ios" */ = {
			isa = XCConfigurationList;
			buildConfigurations = (
				CE9623712A132B1C00C36D03 /* Debug */,
				CE9623722A132B1C00C36D03 /* Release */,
			);
			defaultConfigurationIsVisible = 0;
			defaultConfigurationName = Release;
		};
		CE9623732A132B1C00C36D03 /* Build configuration list for PBXNativeTarget "maki-maki-ios" */ = {
			isa = XCConfigurationList;
			buildConfigurations = (
				CE9623742A132B1C00C36D03 /* Debug */,
				CE9623752A132B1C00C36D03 /* Release */,
			);
			defaultConfigurationIsVisible = 0;
			defaultConfigurationName = Release;
		};
/* End XCConfigurationList section */
	};
	rootObject = CE9623572A132B1A00C36D03 /* Project object */;
}
